// !$*UTF8*$!
{
	archiveVersion = 1;
	classes = {
	};
	objectVersion = 77;
	objects = {

/* Begin PBXBuildFile section */
		940F153D2DFB1CA2001385CE /* AuthManager.swift in Sources */ = {isa = PBXBuildFile; fileRef = 940F153C2DFB1C73001385CE /* AuthManager.swift */; };
		9417DFA92E15D52E00C9EC82 /*  GuideCardData.swift in Sources */ = {isa = PBXBuildFile; fileRef = 9417DFA82E15D52900C9EC82 /*  GuideCardData.swift */; };
		9417DFAB2E15D7FE00C9EC82 /* GuideContentView.swift in Sources */ = {isa = PBXBuildFile; fileRef = 9417DFAA2E15D7F800C9EC82 /* GuideContentView.swift */; };
		9417DFAD2E15D92600C9EC82 /* RefugeeUserType.swift in Sources */ = {isa = PBXBuildFile; fileRef = 9417DFAC2E15D92400C9EC82 /* RefugeeUserType.swift */; };
		9422987B2DFF0B67007DDED8 /* ChatMessage.swift in Sources */ = {isa = PBXBuildFile; fileRef = 9422987A2DFF0B61007DDED8 /* ChatMessage.swift */; };
		9429C3712E15EDA10060FB57 /* WelcomeIntroView.swift in Sources */ = {isa = PBXBuildFile; fileRef = 9429C3702E15ED990060FB57 /* WelcomeIntroView.swift */; };
		9429C3732E15EDE80060FB57 /* StatusSelectionView.swift in Sources */ = {isa = PBXBuildFile; fileRef = 9429C3722E15EDE00060FB57 /* StatusSelectionView.swift */; };
		9429C3752E15EE650060FB57 /* AsylumGuideView.swift in Sources */ = {isa = PBXBuildFile; fileRef = 9429C3742E15EE560060FB57 /* AsylumGuideView.swift */; };
		9429C3772E15EEBD0060FB57 /* ResidenceGuideView.swift in Sources */ = {isa = PBXBuildFile; fileRef = 9429C3762E15EEB80060FB57 /* ResidenceGuideView.swift */; };
		9429C3792E15EEE30060FB57 /* ExistingAsylumGuideView.swift in Sources */ = {isa = PBXBuildFile; fileRef = 9429C3782E15EED80060FB57 /* ExistingAsylumGuideView.swift */; };
		9429C37D2E16DCED0060FB57 /* AsylumGuideCards.swift in Sources */ = {isa = PBXBuildFile; fileRef = 9429C37C2E16DCDA0060FB57 /* AsylumGuideCards.swift */; };
		9429C37F2E16FDD90060FB57 /* UserResourceCategory.swift in Sources */ = {isa = PBXBuildFile; fileRef = 9429C37E2E16FDCF0060FB57 /* UserResourceCategory.swift */; };
		9429C3812E1730750060FB57 /* Resource.swift in Sources */ = {isa = PBXBuildFile; fileRef = 9429C3802E17306B0060FB57 /* Resource.swift */; };
		9429C3852E174C310060FB57 /* UKSampleData.swift in Sources */ = {isa = PBXBuildFile; fileRef = 9429C3842E174C2A0060FB57 /* UKSampleData.swift */; };
		9429C3872E17848A0060FB57 /* UserResource.swift in Sources */ = {isa = PBXBuildFile; fileRef = 9429C3862E17848A0060FB57 /* UserResource.swift */; };
		94325D652DF89BA300B3DBC4 /* MyDocumentsView.swift in Sources */ = {isa = PBXBuildFile; fileRef = 94325D4B2DF89BA300B3DBC4 /* MyDocumentsView.swift */; };
		94325D682DF89BA300B3DBC4 /* ExistingAsylumVerificationView.swift in Sources */ = {isa = PBXBuildFile; fileRef = 94325D512DF89BA300B3DBC4 /* ExistingAsylumVerificationView.swift */; };
		94325D6B2DF89BA300B3DBC4 /* EVisaView.swift in Sources */ = {isa = PBXBuildFile; fileRef = 94325D502DF89BA300B3DBC4 /* EVisaView.swift */; };
		94325D702DF89BA300B3DBC4 /* DocumentChecklistView.swift in Sources */ = {isa = PBXBuildFile; fileRef = 94325D4E2DF89BA300B3DBC4 /* DocumentChecklistView.swift */; };
		94325D752DF89BA300B3DBC4 /* MainTabView.swift in Sources */ = {isa = PBXBuildFile; fileRef = 94325D5D2DF89BA300B3DBC4 /* MainTabView.swift */; };
		94325D7B2DF89BFE00B3DBC4 /* FileUploader.swift in Sources */ = {isa = PBXBuildFile; fileRef = 94325D792DF89BFE00B3DBC4 /* FileUploader.swift */; };
		94325D7C2DF89BFE00B3DBC4 /* DocumentUploader.swift in Sources */ = {isa = PBXBuildFile; fileRef = 94325D782DF89BFE00B3DBC4 /* DocumentUploader.swift */; };
		94325D812DF89C1F00B3DBC4 /* AppDelegate.swift in Sources */ = {isa = PBXBuildFile; fileRef = 94325D802DF89C1F00B3DBC4 /* AppDelegate.swift */; };
		9433ED0D2E1D827F004C4BCC /* AppInitializationViewModel.swift in Sources */ = {isa = PBXBuildFile; fileRef = 9433ED0C2E1D827B004C4BCC /* AppInitializationViewModel.swift */; };
		94369CBF2DFDED57003895D7 /* HelpChatView.swift in Sources */ = {isa = PBXBuildFile; fileRef = 94369CBE2DFDED4D003895D7 /* HelpChatView.swift */; };
		94369CC32DFDFE50003895D7 /* UploadDocumentView.swift in Sources */ = {isa = PBXBuildFile; fileRef = 94369CC22DFDFE41003895D7 /* UploadDocumentView.swift */; };
		94369CC62DFE5E53003895D7 /* VideoConsultationView.swift in Sources */ = {isa = PBXBuildFile; fileRef = 94369CC52DFE5E4A003895D7 /* VideoConsultationView.swift */; };
		94369CC82DFE5E84003895D7 /* VideoCallView.swift in Sources */ = {isa = PBXBuildFile; fileRef = 94369CC72DFE5E7C003895D7 /* VideoCallView.swift */; };
		94369CCC2DFE5F3C003895D7 /* Consultation.swift in Sources */ = {isa = PBXBuildFile; fileRef = 94369CCB2DFE5F34003895D7 /* Consultation.swift */; };
		94369CCE2DFE64CE003895D7 /* ConsultationListView.swift in Sources */ = {isa = PBXBuildFile; fileRef = 94369CCD2DFE64C4003895D7 /* ConsultationListView.swift */; };
		94369CCF2DFE78B5003895D7 /* VideoConsultationViewModel.swift in Sources */ = {isa = PBXBuildFile; fileRef = 94369CC92DFE5EC5003895D7 /* VideoConsultationViewModel.swift */; };
		94369CD02DFE78FE003895D7 /* AgoraVideoViewRepresentable.swift in Sources */ = {isa = PBXBuildFile; fileRef = 94369CCA2DFE5EF4003895D7 /* AgoraVideoViewRepresentable.swift */; };
		94369CD12DFE790B003895D7 /* FirebaseManager.swift in Sources */ = {isa = PBXBuildFile; fileRef = 948AD5052DFA3E0700F272F6 /* FirebaseManager.swift */; };
		9439B6E22E118D240020A840 /* CommunityView.swift in Sources */ = {isa = PBXBuildFile; fileRef = 9439B6E12E118D1F0020A840 /* CommunityView.swift */; };
		9439B6E42E119A790020A840 /* HelpChat.swift in Sources */ = {isa = PBXBuildFile; fileRef = 9439B6E32E119A6F0020A840 /* HelpChat.swift */; };
		9439B6E62E119C320020A840 /* AppConfigurator.swift in Sources */ = {isa = PBXBuildFile; fileRef = 9439B6E52E119C320020A840 /* AppConfigurator.swift */; };
		9439B6F22E11BF520020A840 /* LegalDirectoryView.swift in Sources */ = {isa = PBXBuildFile; fileRef = 9439B6F12E11BF520020A840 /* LegalDirectoryView.swift */; };
		9439B6F62E11C10B0020A840 /* DocumentAIView.swift in Sources */ = {isa = PBXBuildFile; fileRef = 9439B6F52E11C10B0020A840 /* DocumentAIView.swift */; };
		9439B6FC2E11E6670020A840 /* CommunityPost.swift in Sources */ = {isa = PBXBuildFile; fileRef = 9439B6FB2E11E65F0020A840 /* CommunityPost.swift */; };
		9439B6FE2E121E960020A840 /* SecureConfig.swift in Sources */ = {isa = PBXBuildFile; fileRef = 9439B6FD2E121E910020A840 /* SecureConfig.swift */; };
		9439B7002E121FBB0020A840 /*  UKGovAPIService.swift in Sources */ = {isa = PBXBuildFile; fileRef = 9439B6FF2E121FB20020A840 /*  UKGovAPIService.swift */; };
		945291832E00991F00D0BAE0 /* HelpResource.swift in Sources */ = {isa = PBXBuildFile; fileRef = 945291822E0098FE00D0BAE0 /* HelpResource.swift */; };
		945291852E00992D00D0BAE0 /* HelpResourcesViewModel.swift in Sources */ = {isa = PBXBuildFile; fileRef = 945291842E00992400D0BAE0 /* HelpResourcesViewModel.swift */; };
		945291882E0099FA00D0BAE0 /* ResourceRowView.swift in Sources */ = {isa = PBXBuildFile; fileRef = 945291872E0099F100D0BAE0 /* ResourceRowView.swift */; };
		9452918C2E009B1700D0BAE0 /* SafetyPlanView.swift in Sources */ = {isa = PBXBuildFile; fileRef = 9452918B2E009B1000D0BAE0 /* SafetyPlanView.swift */; };
		945291912E009E4600D0BAE0 /*  HelpResourcesView.swift in Sources */ = {isa = PBXBuildFile; fileRef = 945291902E009E3E00D0BAE0 /*  HelpResourcesView.swift */; };
		945291942E00A9CF00D0BAE0 /* Localizable.xcstrings in Resources */ = {isa = PBXBuildFile; fileRef = 945291932E00A9CF00D0BAE0 /* Localizable.xcstrings */; };
		9452919A2E01005E00D0BAE0 /* LocalService.swift in Sources */ = {isa = PBXBuildFile; fileRef = 945291992E01005100D0BAE0 /* LocalService.swift */; };
		9452919C2E010D9B00D0BAE0 /* ServicesViewModel.swift in Sources */ = {isa = PBXBuildFile; fileRef = 9452919B2E010D9200D0BAE0 /* ServicesViewModel.swift */; };
		9452919F2E01111900D0BAE0 /* MapExtensions.swift in Sources */ = {isa = PBXBuildFile; fileRef = 9452919E2E01111200D0BAE0 /* MapExtensions.swift */; };
		945291A12E0111FF00D0BAE0 /* LocalServicesMapView.swift in Sources */ = {isa = PBXBuildFile; fileRef = 945291A02E0111F700D0BAE0 /* LocalServicesMapView.swift */; };
		945291A32E01156C00D0BAE0 /* LocationManager.swift in Sources */ = {isa = PBXBuildFile; fileRef = 945291A22E01156700D0BAE0 /* LocationManager.swift */; };
		945291A52E01175E00D0BAE0 /* LocalServicesView.swift in Sources */ = {isa = PBXBuildFile; fileRef = 945291A42E01175800D0BAE0 /* LocalServicesView.swift */; };
		945291A92E011B3D00D0BAE0 /* ServiceRow.swift in Sources */ = {isa = PBXBuildFile; fileRef = 945291A82E011B3500D0BAE0 /* ServiceRow.swift */; };
		945291AB2E011B5E00D0BAE0 /* ServiceDetailView.swift in Sources */ = {isa = PBXBuildFile; fileRef = 945291AA2E011B5500D0BAE0 /* ServiceDetailView.swift */; };
		9452ED512E123C5B00F49D59 /* ImagePicker.swift in Sources */ = {isa = PBXBuildFile; fileRef = 9452ED502E123C5700F49D59 /* ImagePicker.swift */; };
		9463D6272E01EB58003C3C63 /* MapComponents.swift in Sources */ = {isa = PBXBuildFile; fileRef = 9463D6262E01EB4F003C3C63 /* MapComponents.swift */; };
		947B846F2E18C0210007A470 /* AgoraManager.swift in Sources */ = {isa = PBXBuildFile; fileRef = 947B846E2E18C01A0007A470 /* AgoraManager.swift */; };
		947B84732E19BA620007A470 /* ResourceType.swift in Sources */ = {isa = PBXBuildFile; fileRef = 947B84722E19BA620007A470 /* ResourceType.swift */; };
		948C5B0A2DFF719300837EB3 /* ConsultationScheduleViewModel.swift in Sources */ = {isa = PBXBuildFile; fileRef = 948C5B092DFF718C00837EB3 /* ConsultationScheduleViewModel.swift */; };
		948C5B0D2DFF8E4800837EB3 /* FlowPreview.swift in Sources */ = {isa = PBXBuildFile; fileRef = 948C5B0C2DFF8E4200837EB3 /* FlowPreview.swift */; };
		948CD4F52E10C253002D200B /* CommunityViewModel.swift in Sources */ = {isa = PBXBuildFile; fileRef = 948CD4F42E10C24F002D200B /* CommunityViewModel.swift */; };
		948CD4F72E10C26A002D200B /* DocumentAIViewModel.swift in Sources */ = {isa = PBXBuildFile; fileRef = 948CD4F62E10C266002D200B /* DocumentAIViewModel.swift */; };
		948CD4F92E10D52C002D200B /* ExtensionCLLocation.swift in Sources */ = {isa = PBXBuildFile; fileRef = 948CD4F82E10D524002D200B /* ExtensionCLLocation.swift */; };
		948CD4FB2E10D755002D200B /* GoogleService-Info.plist in Resources */ = {isa = PBXBuildFile; fileRef = 948CD4FA2E10D755002D200B /* GoogleService-Info.plist */; };
		948CD4FD2E10DAF7002D200B /* URLSession+Async.swift in Sources */ = {isa = PBXBuildFile; fileRef = 948CD4FC2E10DAF7002D200B /* URLSession+Async.swift */; };
		948CD50D2E10E77C002D200B /* UserPost.swift in Sources */ = {isa = PBXBuildFile; fileRef = 948CD50B2E10E77C002D200B /* UserPost.swift */; };
		948CD50E2E10E77C002D200B /* UKResource.swift in Sources */ = {isa = PBXBuildFile; fileRef = 948CD50C2E10E77C002D200B /* UKResource.swift */; };
		949C4E322E12DD410050D7FF /* UKDocumentType.swift in Sources */ = {isa = PBXBuildFile; fileRef = 949C4E312E12DD390050D7FF /* UKDocumentType.swift */; };
		949C4E342E12DF2F0050D7FF /* DocumentAIResult.swift in Sources */ = {isa = PBXBuildFile; fileRef = 949C4E332E12DF280050D7FF /* DocumentAIResult.swift */; };
		949C4E3A2E12ED890050D7FF /* DocumentResultView.swift in Sources */ = {isa = PBXBuildFile; fileRef = 949C4E392E12ED820050D7FF /* DocumentResultView.swift */; };
		949C4E3E2E12EDE30050D7FF /* UKLegalNotice.swift in Sources */ = {isa = PBXBuildFile; fileRef = 949C4E3D2E12EDDF0050D7FF /* UKLegalNotice.swift */; };
		949C4E422E12FA5E0050D7FF /* DocumentAnalyzer.swift in Sources */ = {isa = PBXBuildFile; fileRef = 949C4E412E12FA5A0050D7FF /* DocumentAnalyzer.swift */; };
		949E36212E14D4AC00FDEC31 /* Service.swift in Sources */ = {isa = PBXBuildFile; fileRef = 949E36202E14D49F00FDEC31 /* Service.swift */; };
		94A9012A2E1B53760070767A /* OpenAIService.swift in Sources */ = {isa = PBXBuildFile; fileRef = 94A901292E1B53700070767A /* OpenAIService.swift */; };
		94AA6DC12DF8C78100858077 /* AlertToast in Frameworks */ = {isa = PBXBuildFile; productRef = 94AA6DC02DF8C78100858077 /* AlertToast */; };
		94B4905F2DFBA4A100CA4F5C /* ExyteOpenAI in Frameworks */ = {isa = PBXBuildFile; productRef = 94B4905E2DFBA4A100CA4F5C /* ExyteOpenAI */; };
		94C4DE782E15B0B500DA0139 /* LocalizationManager.swift in Sources */ = {isa = PBXBuildFile; fileRef = 94C4DE772E15B0AF00DA0139 /* LocalizationManager.swift */; };
		94C4DE7A2E15BB8700DA0139 /* AuthenticationViewModel.swift in Sources */ = {isa = PBXBuildFile; fileRef = 94C4DE792E15BB8300DA0139 /* AuthenticationViewModel.swift */; };
		94C4DE7C2E15BBA400DA0139 /* UserService.swift in Sources */ = {isa = PBXBuildFile; fileRef = 94C4DE7B2E15BB9F00DA0139 /* UserService.swift */; };
		94C4DE7E2E15BBDA00DA0139 /* DocumentManagerView.swift in Sources */ = {isa = PBXBuildFile; fileRef = 94C4DE7D2E15BBD600DA0139 /* DocumentManagerView.swift */; };
		94C4DE802E15BBF500DA0139 /* CaseStatusView.swift in Sources */ = {isa = PBXBuildFile; fileRef = 94C4DE7F2E15BBEA00DA0139 /* CaseStatusView.swift */; };
		94C4DE822E15BC1400DA0139 /* BookAppointmentView.swift in Sources */ = {isa = PBXBuildFile; fileRef = 94C4DE812E15BC0F00DA0139 /* BookAppointmentView.swift */; };
		94C4DE842E15BC3400DA0139 /* EditProfileView.swift in Sources */ = {isa = PBXBuildFile; fileRef = 94C4DE832E15BC2E00DA0139 /* EditProfileView.swift */; };
		94C4DE862E15BC7E00DA0139 /* UKLegalResourcesView.swift in Sources */ = {isa = PBXBuildFile; fileRef = 94C4DE852E15BC7700DA0139 /* UKLegalResourcesView.swift */; };
		94C4DE882E15BC9500DA0139 /* LanguageAssistanceView.swift in Sources */ = {isa = PBXBuildFile; fileRef = 94C4DE872E15BC8F00DA0139 /* LanguageAssistanceView.swift */; };
		94C4DE8A2E15C05D00DA0139 /* UploadedDocument.swift in Sources */ = {isa = PBXBuildFile; fileRef = 94C4DE892E15C05700DA0139 /* UploadedDocument.swift */; };
		94C4DE8C2E15C46400DA0139 /* AppointmentsView.swift in Sources */ = {isa = PBXBuildFile; fileRef = 94C4DE8B2E15C45900DA0139 /* AppointmentsView.swift */; };
		94C4DE8E2E15C4B300DA0139 /* Appointment.swift in Sources */ = {isa = PBXBuildFile; fileRef = 94C4DE8D2E15C4AF00DA0139 /* Appointment.swift */; };
		94E5D2012E1871610064F118 /* MappingUtils.swift in Sources */ = {isa = PBXBuildFile; fileRef = 94E5D2002E18715E0064F118 /* MappingUtils.swift */; };
		94E5D2032E1879670064F118 /* RefugeeStatus.swift in Sources */ = {isa = PBXBuildFile; fileRef = 94E5D2022E1879620064F118 /* RefugeeStatus.swift */; };
		94E5D2052E188A4C0064F118 /* ConsultationScheduleView.swift in Sources */ = {isa = PBXBuildFile; fileRef = 94E5D2042E188A430064F118 /* ConsultationScheduleView.swift */; };
		94E69F812E149DD400663120 /* SceneKit.framework in Frameworks */ = {isa = PBXBuildFile; fileRef = 94B468A42E1431FB00464897 /* SceneKit.framework */; };
		94E69F832E149DE500663120 /* ARKit.framework in Frameworks */ = {isa = PBXBuildFile; fileRef = 94E69F822E149DE500663120 /* ARKit.framework */; };
		94E79EEF2E14B819002A8D24 /* ARTest.swift in Sources */ = {isa = PBXBuildFile; fileRef = 942B39A92E1476B000DCEE00 /* ARTest.swift */; };
		94E79EF02E14B873002A8D24 /* SceneKitHelpers.swift in Sources */ = {isa = PBXBuildFile; fileRef = 947CD69F2E14455700414E5B /* SceneKitHelpers.swift */; };
		94E79EF12E14B893002A8D24 /* ARNavigationViewModel.swift in Sources */ = {isa = PBXBuildFile; fileRef = 948CD4F22E10C20B002D200B /* ARNavigationViewModel.swift */; };
		94E79EF22E14B8DE002A8D24 /* ARNavigationView.swift in Sources */ = {isa = PBXBuildFile; fileRef = 9439B6EF2E11BD4C0020A840 /* ARNavigationView.swift */; };
		94E79EF32E14B92B002A8D24 /* VisualEffectView.swift in Sources */ = {isa = PBXBuildFile; fileRef = 947AA79D2E13562300328334 /* VisualEffectView.swift */; };
		94E79EF42E14B93D002A8D24 /* PrimaryButtonStyle.swift in Sources */ = {isa = PBXBuildFile; fileRef = 949C4E432E13139F0050D7FF /* PrimaryButtonStyle.swift */; };
		94E79EF52E14B955002A8D24 /* ErrorView.swift in Sources */ = {isa = PBXBuildFile; fileRef = 949C4E3B2E12EDB30050D7FF /* ErrorView.swift */; };
		94E79EF62E14B967002A8D24 /* ProcessingView.swift in Sources */ = {isa = PBXBuildFile; fileRef = 949C4E372E12ED4B0050D7FF /* ProcessingView.swift */; };
		94E79EF72E14B971002A8D24 /* ImagePickerView.swift in Sources */ = {isa = PBXBuildFile; fileRef = 949C4E352E12E0060050D7FF /* ImagePickerView.swift */; };
		94E79EF82E14B97E002A8D24 /* DocumentPickerView.swift in Sources */ = {isa = PBXBuildFile; fileRef = 94325D462DF89BA300B3DBC4 /* DocumentPickerView.swift */; };
		94E79EF92E14B992002A8D24 /* DashboardView.swift in Sources */ = {isa = PBXBuildFile; fileRef = 94325D482DF89BA300B3DBC4 /* DashboardView.swift */; };
		94E79EFA2E14B9A5002A8D24 /* ResourceDetailView.swift in Sources */ = {isa = PBXBuildFile; fileRef = 94325D492DF89BA300B3DBC4 /* ResourceDetailView.swift */; };
		94E79EFB2E14B9B9002A8D24 /* DocumentTypeSelectionView.swift in Sources */ = {isa = PBXBuildFile; fileRef = 949C4E3F2E12EEEE0050D7FF /* DocumentTypeSelectionView.swift */; };
		94E79EFC2E14B9EE002A8D24 /* LanguageSelectionView.swift in Sources */ = {isa = PBXBuildFile; fileRef = 9439B6ED2E11B45D0020A840 /* LanguageSelectionView.swift */; };
		94E79EFD2E14B9FD002A8D24 /* LeaveToRemainGuideView.swift in Sources */ = {isa = PBXBuildFile; fileRef = 9439B6EB2E11AD310020A840 /* LeaveToRemainGuideView.swift */; };
		94E79EFE2E14BA0A002A8D24 /*  OnboardingFlow.swift in Sources */ = {isa = PBXBuildFile; fileRef = 9439B6E72E11A91C0020A840 /*  OnboardingFlow.swift */; };
		94E79EFF2E14BA15002A8D24 /* SignInView.swift in Sources */ = {isa = PBXBuildFile; fileRef = 94E7BF9A2DF90BFC0006E20B /* SignInView.swift */; };
		94E79F002E14BA27002A8D24 /* EVisaInfoView.swift in Sources */ = {isa = PBXBuildFile; fileRef = 94325D4F2DF89BA300B3DBC4 /* EVisaInfoView.swift */; };
		94E79F012E14BA45002A8D24 /* IntroToAsylumView.swift in Sources */ = {isa = PBXBuildFile; fileRef = 94325D522DF89BA300B3DBC4 /* IntroToAsylumView.swift */; };
		94E79F022E14BA53002A8D24 /* LanguagePickerView.swift in Sources */ = {isa = PBXBuildFile; fileRef = 94325D532DF89BA300B3DBC4 /* LanguagePickerView.swift */; };
		94E79F032E14BA66002A8D24 /* NewAsylumSeekerOnboardingView.swift in Sources */ = {isa = PBXBuildFile; fileRef = 94325D542DF89BA300B3DBC4 /* NewAsylumSeekerOnboardingView.swift */; };
		94E79F042E14BA79002A8D24 /* RegistrationView.swift in Sources */ = {isa = PBXBuildFile; fileRef = 94325D562DF89BA300B3DBC4 /* RegistrationView.swift */; };
		94E79F052E14BA89002A8D24 /* UserPathSelectionView.swift in Sources */ = {isa = PBXBuildFile; fileRef = 94325D572DF89BA300B3DBC4 /* UserPathSelectionView.swift */; };
		94E79F062E14BA9B002A8D24 /* UserTypeSelectionView.swift in Sources */ = {isa = PBXBuildFile; fileRef = 94325D582DF89BA300B3DBC4 /* UserTypeSelectionView.swift */; };
		94E79F072E14BAB0002A8D24 /* WelcomeView.swift in Sources */ = {isa = PBXBuildFile; fileRef = 94325D592DF89BA300B3DBC4 /* WelcomeView.swift */; };
		94E79F082E14BAC3002A8D24 /* ProfileView.swift in Sources */ = {isa = PBXBuildFile; fileRef = 94AA6DC32DF8D67D00858077 /* ProfileView.swift */; };
		94E79F092E14BAD2002A8D24 /* SettingsView.swift in Sources */ = {isa = PBXBuildFile; fileRef = 94325D5B2DF89BA300B3DBC4 /* SettingsView.swift */; };
		94E79F0A2E14BAE1002A8D24 /* AppEntry.swift in Sources */ = {isa = PBXBuildFile; fileRef = 94325D5F2DF89BA300B3DBC4 /* AppEntry.swift */; };
		94E79F0B2E14BAED002A8D24 /* SearchBar.swift in Sources */ = {isa = PBXBuildFile; fileRef = 948CD4FE2E10DB7C002D200B /* SearchBar.swift */; };
		94E79F0C2E14BAFD002A8D24 /* NewPostView.swift in Sources */ = {isa = PBXBuildFile; fileRef = 9439B6D82E118BFD0020A840 /* NewPostView.swift */; };
		94E79F0D2E14BB11002A8D24 /* PostCardView.swift in Sources */ = {isa = PBXBuildFile; fileRef = 9439B6D92E118BFD0020A840 /* PostCardView.swift */; };
		94E79F0E2E14BB1D002A8D24 /* ResourceListView.swift in Sources */ = {isa = PBXBuildFile; fileRef = 9439B6DA2E118BFD0020A840 /* ResourceListView.swift */; };
		A8CF3C3BD97C301134A79766 /* Pods_RefugeGuide.framework in Frameworks */ = {isa = PBXBuildFile; fileRef = 09146FDBEBCE68B953708F53 /* Pods_RefugeGuide.framework */; };
/* End PBXBuildFile section */

/* Begin PBXContainerItemProxy section */
		944A853B2DF86B74004DB9D9 /* PBXContainerItemProxy */ = {
			isa = PBXContainerItemProxy;
			containerPortal = 944A85222DF86B6C004DB9D9 /* Project object */;
			proxyType = 1;
			remoteGlobalIDString = 944A85292DF86B6C004DB9D9;
			remoteInfo = RefugeGuide;
		};
		944A85452DF86B74004DB9D9 /* PBXContainerItemProxy */ = {
			isa = PBXContainerItemProxy;
			containerPortal = 944A85222DF86B6C004DB9D9 /* Project object */;
			proxyType = 1;
			remoteGlobalIDString = 944A85292DF86B6C004DB9D9;
			remoteInfo = RefugeGuide;
		};
/* End PBXContainerItemProxy section */

/* Begin PBXFileReference section */
		09146FDBEBCE68B953708F53 /* Pods_RefugeGuide.framework */ = {isa = PBXFileReference; explicitFileType = wrapper.framework; includeInIndex = 0; path = Pods_RefugeGuide.framework; sourceTree = BUILT_PRODUCTS_DIR; };
		2C01C6D3569E6C9B7461A1FC /* Pods-RefugeGuide.debug.xcconfig */ = {isa = PBXFileReference; includeInIndex = 1; lastKnownFileType = text.xcconfig; name = "Pods-RefugeGuide.debug.xcconfig"; path = "Target Support Files/Pods-RefugeGuide/Pods-RefugeGuide.debug.xcconfig"; sourceTree = "<group>"; };
		940F153C2DFB1C73001385CE /* AuthManager.swift */ = {isa = PBXFileReference; lastKnownFileType = sourcecode.swift; path = AuthManager.swift; sourceTree = "<group>"; };
		9417DFA82E15D52900C9EC82 /*  GuideCardData.swift */ = {isa = PBXFileReference; lastKnownFileType = sourcecode.swift; path = " GuideCardData.swift"; sourceTree = "<group>"; };
		9417DFAA2E15D7F800C9EC82 /* GuideContentView.swift */ = {isa = PBXFileReference; lastKnownFileType = sourcecode.swift; path = GuideContentView.swift; sourceTree = "<group>"; };
		9417DFAC2E15D92400C9EC82 /* RefugeeUserType.swift */ = {isa = PBXFileReference; lastKnownFileType = sourcecode.swift; path = RefugeeUserType.swift; sourceTree = "<group>"; };
		9422987A2DFF0B61007DDED8 /* ChatMessage.swift */ = {isa = PBXFileReference; lastKnownFileType = sourcecode.swift; path = ChatMessage.swift; sourceTree = "<group>"; };
		9429C3702E15ED990060FB57 /* WelcomeIntroView.swift */ = {isa = PBXFileReference; lastKnownFileType = sourcecode.swift; path = WelcomeIntroView.swift; sourceTree = "<group>"; };
		9429C3722E15EDE00060FB57 /* StatusSelectionView.swift */ = {isa = PBXFileReference; lastKnownFileType = sourcecode.swift; path = StatusSelectionView.swift; sourceTree = "<group>"; };
		9429C3742E15EE560060FB57 /* AsylumGuideView.swift */ = {isa = PBXFileReference; lastKnownFileType = sourcecode.swift; path = AsylumGuideView.swift; sourceTree = "<group>"; };
		9429C3762E15EEB80060FB57 /* ResidenceGuideView.swift */ = {isa = PBXFileReference; lastKnownFileType = sourcecode.swift; path = ResidenceGuideView.swift; sourceTree = "<group>"; };
		9429C3782E15EED80060FB57 /* ExistingAsylumGuideView.swift */ = {isa = PBXFileReference; lastKnownFileType = sourcecode.swift; path = ExistingAsylumGuideView.swift; sourceTree = "<group>"; };
		9429C37C2E16DCDA0060FB57 /* AsylumGuideCards.swift */ = {isa = PBXFileReference; lastKnownFileType = sourcecode.swift; path = AsylumGuideCards.swift; sourceTree = "<group>"; };
		9429C37E2E16FDCF0060FB57 /* UserResourceCategory.swift */ = {isa = PBXFileReference; lastKnownFileType = sourcecode.swift; path = UserResourceCategory.swift; sourceTree = "<group>"; };
		9429C3802E17306B0060FB57 /* Resource.swift */ = {isa = PBXFileReference; lastKnownFileType = sourcecode.swift; path = Resource.swift; sourceTree = "<group>"; };
		9429C3842E174C2A0060FB57 /* UKSampleData.swift */ = {isa = PBXFileReference; lastKnownFileType = sourcecode.swift; path = UKSampleData.swift; sourceTree = "<group>"; };
		9429C3862E17848A0060FB57 /* UserResource.swift */ = {isa = PBXFileReference; lastKnownFileType = sourcecode.swift; path = UserResource.swift; sourceTree = "<group>"; };
		942B39A92E1476B000DCEE00 /* ARTest.swift */ = {isa = PBXFileReference; lastKnownFileType = sourcecode.swift; path = ARTest.swift; sourceTree = "<group>"; };
		942B39AB2E14773F00DCEE00 /* ARKit.framework */ = {isa = PBXFileReference; explicitFileType = wrapper.framework; path = ARKit.framework; sourceTree = BUILT_PRODUCTS_DIR; };
		94325D462DF89BA300B3DBC4 /* DocumentPickerView.swift */ = {isa = PBXFileReference; lastKnownFileType = sourcecode.swift; path = DocumentPickerView.swift; sourceTree = "<group>"; };
		94325D482DF89BA300B3DBC4 /* DashboardView.swift */ = {isa = PBXFileReference; lastKnownFileType = sourcecode.swift; path = DashboardView.swift; sourceTree = "<group>"; };
		94325D492DF89BA300B3DBC4 /* ResourceDetailView.swift */ = {isa = PBXFileReference; lastKnownFileType = sourcecode.swift; path = ResourceDetailView.swift; sourceTree = "<group>"; };
		94325D4B2DF89BA300B3DBC4 /* MyDocumentsView.swift */ = {isa = PBXFileReference; lastKnownFileType = sourcecode.swift; path = MyDocumentsView.swift; sourceTree = "<group>"; };
		94325D4E2DF89BA300B3DBC4 /* DocumentChecklistView.swift */ = {isa = PBXFileReference; lastKnownFileType = sourcecode.swift; path = DocumentChecklistView.swift; sourceTree = "<group>"; };
		94325D4F2DF89BA300B3DBC4 /* EVisaInfoView.swift */ = {isa = PBXFileReference; lastKnownFileType = sourcecode.swift; path = EVisaInfoView.swift; sourceTree = "<group>"; };
		94325D502DF89BA300B3DBC4 /* EVisaView.swift */ = {isa = PBXFileReference; lastKnownFileType = sourcecode.swift; path = EVisaView.swift; sourceTree = "<group>"; };
		94325D512DF89BA300B3DBC4 /* ExistingAsylumVerificationView.swift */ = {isa = PBXFileReference; lastKnownFileType = sourcecode.swift; path = ExistingAsylumVerificationView.swift; sourceTree = "<group>"; };
		94325D522DF89BA300B3DBC4 /* IntroToAsylumView.swift */ = {isa = PBXFileReference; lastKnownFileType = sourcecode.swift; path = IntroToAsylumView.swift; sourceTree = "<group>"; };
		94325D532DF89BA300B3DBC4 /* LanguagePickerView.swift */ = {isa = PBXFileReference; lastKnownFileType = sourcecode.swift; path = LanguagePickerView.swift; sourceTree = "<group>"; };
		94325D542DF89BA300B3DBC4 /* NewAsylumSeekerOnboardingView.swift */ = {isa = PBXFileReference; lastKnownFileType = sourcecode.swift; path = NewAsylumSeekerOnboardingView.swift; sourceTree = "<group>"; };
		94325D562DF89BA300B3DBC4 /* RegistrationView.swift */ = {isa = PBXFileReference; lastKnownFileType = sourcecode.swift; path = RegistrationView.swift; sourceTree = "<group>"; };
		94325D572DF89BA300B3DBC4 /* UserPathSelectionView.swift */ = {isa = PBXFileReference; lastKnownFileType = sourcecode.swift; path = UserPathSelectionView.swift; sourceTree = "<group>"; };
		94325D582DF89BA300B3DBC4 /* UserTypeSelectionView.swift */ = {isa = PBXFileReference; lastKnownFileType = sourcecode.swift; path = UserTypeSelectionView.swift; sourceTree = "<group>"; };
		94325D592DF89BA300B3DBC4 /* WelcomeView.swift */ = {isa = PBXFileReference; lastKnownFileType = sourcecode.swift; path = WelcomeView.swift; sourceTree = "<group>"; };
		94325D5B2DF89BA300B3DBC4 /* SettingsView.swift */ = {isa = PBXFileReference; lastKnownFileType = sourcecode.swift; path = SettingsView.swift; sourceTree = "<group>"; };
		94325D5D2DF89BA300B3DBC4 /* MainTabView.swift */ = {isa = PBXFileReference; lastKnownFileType = sourcecode.swift; path = MainTabView.swift; sourceTree = "<group>"; };
		94325D5F2DF89BA300B3DBC4 /* AppEntry.swift */ = {isa = PBXFileReference; lastKnownFileType = sourcecode.swift; path = AppEntry.swift; sourceTree = "<group>"; };
		94325D782DF89BFE00B3DBC4 /* DocumentUploader.swift */ = {isa = PBXFileReference; lastKnownFileType = sourcecode.swift; path = DocumentUploader.swift; sourceTree = "<group>"; };
		94325D792DF89BFE00B3DBC4 /* FileUploader.swift */ = {isa = PBXFileReference; lastKnownFileType = sourcecode.swift; path = FileUploader.swift; sourceTree = "<group>"; };
		94325D802DF89C1F00B3DBC4 /* AppDelegate.swift */ = {isa = PBXFileReference; lastKnownFileType = sourcecode.swift; path = AppDelegate.swift; sourceTree = "<group>"; };
		9433ED0C2E1D827B004C4BCC /* AppInitializationViewModel.swift */ = {isa = PBXFileReference; lastKnownFileType = sourcecode.swift; path = AppInitializationViewModel.swift; sourceTree = "<group>"; };
		94369CBE2DFDED4D003895D7 /* HelpChatView.swift */ = {isa = PBXFileReference; lastKnownFileType = sourcecode.swift; path = HelpChatView.swift; sourceTree = "<group>"; };
		94369CC22DFDFE41003895D7 /* UploadDocumentView.swift */ = {isa = PBXFileReference; lastKnownFileType = sourcecode.swift; path = UploadDocumentView.swift; sourceTree = "<group>"; };
		94369CC52DFE5E4A003895D7 /* VideoConsultationView.swift */ = {isa = PBXFileReference; lastKnownFileType = sourcecode.swift; path = VideoConsultationView.swift; sourceTree = "<group>"; };
		94369CC72DFE5E7C003895D7 /* VideoCallView.swift */ = {isa = PBXFileReference; lastKnownFileType = sourcecode.swift; path = VideoCallView.swift; sourceTree = "<group>"; };
		94369CC92DFE5EC5003895D7 /* VideoConsultationViewModel.swift */ = {isa = PBXFileReference; lastKnownFileType = sourcecode.swift; path = VideoConsultationViewModel.swift; sourceTree = "<group>"; };
		94369CCA2DFE5EF4003895D7 /* AgoraVideoViewRepresentable.swift */ = {isa = PBXFileReference; lastKnownFileType = sourcecode.swift; path = AgoraVideoViewRepresentable.swift; sourceTree = "<group>"; };
		94369CCB2DFE5F34003895D7 /* Consultation.swift */ = {isa = PBXFileReference; lastKnownFileType = sourcecode.swift; path = Consultation.swift; sourceTree = "<group>"; };
		94369CCD2DFE64C4003895D7 /* ConsultationListView.swift */ = {isa = PBXFileReference; lastKnownFileType = sourcecode.swift; path = ConsultationListView.swift; sourceTree = "<group>"; };
		9439B6D82E118BFD0020A840 /* NewPostView.swift */ = {isa = PBXFileReference; lastKnownFileType = sourcecode.swift; path = NewPostView.swift; sourceTree = "<group>"; };
		9439B6D92E118BFD0020A840 /* PostCardView.swift */ = {isa = PBXFileReference; lastKnownFileType = sourcecode.swift; path = PostCardView.swift; sourceTree = "<group>"; };
		9439B6DA2E118BFD0020A840 /* ResourceListView.swift */ = {isa = PBXFileReference; lastKnownFileType = sourcecode.swift; path = ResourceListView.swift; sourceTree = "<group>"; };
		9439B6E12E118D1F0020A840 /* CommunityView.swift */ = {isa = PBXFileReference; lastKnownFileType = sourcecode.swift; path = CommunityView.swift; sourceTree = "<group>"; };
		9439B6E32E119A6F0020A840 /* HelpChat.swift */ = {isa = PBXFileReference; lastKnownFileType = sourcecode.swift; path = HelpChat.swift; sourceTree = "<group>"; };
		9439B6E52E119C320020A840 /* AppConfigurator.swift */ = {isa = PBXFileReference; lastKnownFileType = sourcecode.swift; path = AppConfigurator.swift; sourceTree = "<group>"; };
		9439B6E72E11A91C0020A840 /*  OnboardingFlow.swift */ = {isa = PBXFileReference; lastKnownFileType = sourcecode.swift; path = " OnboardingFlow.swift"; sourceTree = "<group>"; };
		9439B6EB2E11AD310020A840 /* LeaveToRemainGuideView.swift */ = {isa = PBXFileReference; lastKnownFileType = sourcecode.swift; path = LeaveToRemainGuideView.swift; sourceTree = "<group>"; };
		9439B6ED2E11B45D0020A840 /* LanguageSelectionView.swift */ = {isa = PBXFileReference; lastKnownFileType = sourcecode.swift; path = LanguageSelectionView.swift; sourceTree = "<group>"; };
		9439B6EF2E11BD4C0020A840 /* ARNavigationView.swift */ = {isa = PBXFileReference; lastKnownFileType = sourcecode.swift; path = ARNavigationView.swift; sourceTree = "<group>"; };
		9439B6F12E11BF520020A840 /* LegalDirectoryView.swift */ = {isa = PBXFileReference; lastKnownFileType = sourcecode.swift; path = LegalDirectoryView.swift; sourceTree = "<group>"; };
		9439B6F52E11C10B0020A840 /* DocumentAIView.swift */ = {isa = PBXFileReference; lastKnownFileType = sourcecode.swift; path = DocumentAIView.swift; sourceTree = "<group>"; };
		9439B6FB2E11E65F0020A840 /* CommunityPost.swift */ = {isa = PBXFileReference; lastKnownFileType = sourcecode.swift; path = CommunityPost.swift; sourceTree = "<group>"; };
		9439B6FD2E121E910020A840 /* SecureConfig.swift */ = {isa = PBXFileReference; lastKnownFileType = sourcecode.swift; path = SecureConfig.swift; sourceTree = "<group>"; };
		9439B6FF2E121FB20020A840 /*  UKGovAPIService.swift */ = {isa = PBXFileReference; lastKnownFileType = sourcecode.swift; path = " UKGovAPIService.swift"; sourceTree = "<group>"; };
		9444DB372DFC7BA600A167FC /* Info.plist */ = {isa = PBXFileReference; lastKnownFileType = text.plist.xml; path = Info.plist; sourceTree = "<group>"; };
		945291822E0098FE00D0BAE0 /* HelpResource.swift */ = {isa = PBXFileReference; lastKnownFileType = sourcecode.swift; path = HelpResource.swift; sourceTree = "<group>"; };
		945291842E00992400D0BAE0 /* HelpResourcesViewModel.swift */ = {isa = PBXFileReference; lastKnownFileType = sourcecode.swift; path = HelpResourcesViewModel.swift; sourceTree = "<group>"; };
		945291872E0099F100D0BAE0 /* ResourceRowView.swift */ = {isa = PBXFileReference; lastKnownFileType = sourcecode.swift; path = ResourceRowView.swift; sourceTree = "<group>"; };
		9452918B2E009B1000D0BAE0 /* SafetyPlanView.swift */ = {isa = PBXFileReference; lastKnownFileType = sourcecode.swift; path = SafetyPlanView.swift; sourceTree = "<group>"; };
		945291902E009E3E00D0BAE0 /*  HelpResourcesView.swift */ = {isa = PBXFileReference; lastKnownFileType = sourcecode.swift; path = " HelpResourcesView.swift"; sourceTree = "<group>"; };
		945291932E00A9CF00D0BAE0 /* Localizable.xcstrings */ = {isa = PBXFileReference; lastKnownFileType = text.json.xcstrings; path = Localizable.xcstrings; sourceTree = "<group>"; };
		945291992E01005100D0BAE0 /* LocalService.swift */ = {isa = PBXFileReference; lastKnownFileType = sourcecode.swift; path = LocalService.swift; sourceTree = "<group>"; };
		9452919B2E010D9200D0BAE0 /* ServicesViewModel.swift */ = {isa = PBXFileReference; lastKnownFileType = sourcecode.swift; path = ServicesViewModel.swift; sourceTree = "<group>"; };
		9452919E2E01111200D0BAE0 /* MapExtensions.swift */ = {isa = PBXFileReference; lastKnownFileType = sourcecode.swift; path = MapExtensions.swift; sourceTree = "<group>"; };
		945291A02E0111F700D0BAE0 /* LocalServicesMapView.swift */ = {isa = PBXFileReference; lastKnownFileType = sourcecode.swift; path = LocalServicesMapView.swift; sourceTree = "<group>"; };
		945291A22E01156700D0BAE0 /* LocationManager.swift */ = {isa = PBXFileReference; lastKnownFileType = sourcecode.swift; path = LocationManager.swift; sourceTree = "<group>"; };
		945291A42E01175800D0BAE0 /* LocalServicesView.swift */ = {isa = PBXFileReference; lastKnownFileType = sourcecode.swift; path = LocalServicesView.swift; sourceTree = "<group>"; };
		945291A82E011B3500D0BAE0 /* ServiceRow.swift */ = {isa = PBXFileReference; lastKnownFileType = sourcecode.swift; path = ServiceRow.swift; sourceTree = "<group>"; };
		945291AA2E011B5500D0BAE0 /* ServiceDetailView.swift */ = {isa = PBXFileReference; lastKnownFileType = sourcecode.swift; path = ServiceDetailView.swift; sourceTree = "<group>"; };
		9452ED502E123C5700F49D59 /* ImagePicker.swift */ = {isa = PBXFileReference; lastKnownFileType = sourcecode.swift; path = ImagePicker.swift; sourceTree = "<group>"; };
		9463D6262E01EB4F003C3C63 /* MapComponents.swift */ = {isa = PBXFileReference; lastKnownFileType = sourcecode.swift; path = MapComponents.swift; sourceTree = "<group>"; };
		947AA79D2E13562300328334 /* VisualEffectView.swift */ = {isa = PBXFileReference; lastKnownFileType = sourcecode.swift; path = VisualEffectView.swift; sourceTree = "<group>"; };
		947B846E2E18C01A0007A470 /* AgoraManager.swift */ = {isa = PBXFileReference; lastKnownFileType = sourcecode.swift; path = AgoraManager.swift; sourceTree = "<group>"; };
		947B84722E19BA620007A470 /* ResourceType.swift */ = {isa = PBXFileReference; lastKnownFileType = sourcecode.swift; path = ResourceType.swift; sourceTree = "<group>"; };
		947CD69F2E14455700414E5B /* SceneKitHelpers.swift */ = {isa = PBXFileReference; lastKnownFileType = sourcecode.swift; path = SceneKitHelpers.swift; sourceTree = "<group>"; };
		948AD5052DFA3E0700F272F6 /* FirebaseManager.swift */ = {isa = PBXFileReference; lastKnownFileType = sourcecode.swift; path = FirebaseManager.swift; sourceTree = "<group>"; };
		948C5B092DFF718C00837EB3 /* ConsultationScheduleViewModel.swift */ = {isa = PBXFileReference; lastKnownFileType = sourcecode.swift; path = ConsultationScheduleViewModel.swift; sourceTree = "<group>"; };
		948C5B0C2DFF8E4200837EB3 /* FlowPreview.swift */ = {isa = PBXFileReference; lastKnownFileType = sourcecode.swift; path = FlowPreview.swift; sourceTree = "<group>"; };
		948CD4F22E10C20B002D200B /* ARNavigationViewModel.swift */ = {isa = PBXFileReference; lastKnownFileType = sourcecode.swift; path = ARNavigationViewModel.swift; sourceTree = "<group>"; };
		948CD4F42E10C24F002D200B /* CommunityViewModel.swift */ = {isa = PBXFileReference; lastKnownFileType = sourcecode.swift; path = CommunityViewModel.swift; sourceTree = "<group>"; };
		948CD4F62E10C266002D200B /* DocumentAIViewModel.swift */ = {isa = PBXFileReference; lastKnownFileType = sourcecode.swift; path = DocumentAIViewModel.swift; sourceTree = "<group>"; };
		948CD4F82E10D524002D200B /* ExtensionCLLocation.swift */ = {isa = PBXFileReference; lastKnownFileType = sourcecode.swift; path = ExtensionCLLocation.swift; sourceTree = "<group>"; };
		948CD4FA2E10D755002D200B /* GoogleService-Info.plist */ = {isa = PBXFileReference; lastKnownFileType = text.plist.xml; path = "GoogleService-Info.plist"; sourceTree = "<group>"; };
		948CD4FC2E10DAF7002D200B /* URLSession+Async.swift */ = {isa = PBXFileReference; lastKnownFileType = sourcecode.swift; path = "URLSession+Async.swift"; sourceTree = "<group>"; };
		948CD4FE2E10DB7C002D200B /* SearchBar.swift */ = {isa = PBXFileReference; lastKnownFileType = sourcecode.swift; path = SearchBar.swift; sourceTree = "<group>"; };
		948CD50B2E10E77C002D200B /* UserPost.swift */ = {isa = PBXFileReference; lastKnownFileType = sourcecode.swift; path = UserPost.swift; sourceTree = "<group>"; };
		948CD50C2E10E77C002D200B /* UKResource.swift */ = {isa = PBXFileReference; lastKnownFileType = sourcecode.swift; path = UKResource.swift; sourceTree = "<group>"; };
		949C4E312E12DD390050D7FF /* UKDocumentType.swift */ = {isa = PBXFileReference; lastKnownFileType = sourcecode.swift; path = UKDocumentType.swift; sourceTree = "<group>"; };
		949C4E332E12DF280050D7FF /* DocumentAIResult.swift */ = {isa = PBXFileReference; lastKnownFileType = sourcecode.swift; path = DocumentAIResult.swift; sourceTree = "<group>"; };
		949C4E352E12E0060050D7FF /* ImagePickerView.swift */ = {isa = PBXFileReference; lastKnownFileType = sourcecode.swift; path = ImagePickerView.swift; sourceTree = "<group>"; };
		949C4E372E12ED4B0050D7FF /* ProcessingView.swift */ = {isa = PBXFileReference; lastKnownFileType = sourcecode.swift; path = ProcessingView.swift; sourceTree = "<group>"; };
		949C4E392E12ED820050D7FF /* DocumentResultView.swift */ = {isa = PBXFileReference; lastKnownFileType = sourcecode.swift; path = DocumentResultView.swift; sourceTree = "<group>"; };
		949C4E3B2E12EDB30050D7FF /* ErrorView.swift */ = {isa = PBXFileReference; lastKnownFileType = sourcecode.swift; path = ErrorView.swift; sourceTree = "<group>"; };
		949C4E3D2E12EDDF0050D7FF /* UKLegalNotice.swift */ = {isa = PBXFileReference; lastKnownFileType = sourcecode.swift; path = UKLegalNotice.swift; sourceTree = "<group>"; };
		949C4E3F2E12EEEE0050D7FF /* DocumentTypeSelectionView.swift */ = {isa = PBXFileReference; lastKnownFileType = sourcecode.swift; path = DocumentTypeSelectionView.swift; sourceTree = "<group>"; };
		949C4E412E12FA5A0050D7FF /* DocumentAnalyzer.swift */ = {isa = PBXFileReference; lastKnownFileType = sourcecode.swift; path = DocumentAnalyzer.swift; sourceTree = "<group>"; };
		949C4E432E13139F0050D7FF /* PrimaryButtonStyle.swift */ = {isa = PBXFileReference; lastKnownFileType = sourcecode.swift; path = PrimaryButtonStyle.swift; sourceTree = "<group>"; };
		949E36202E14D49F00FDEC31 /* Service.swift */ = {isa = PBXFileReference; lastKnownFileType = sourcecode.swift; path = Service.swift; sourceTree = "<group>"; };
		94A901292E1B53700070767A /* OpenAIService.swift */ = {isa = PBXFileReference; lastKnownFileType = sourcecode.swift; path = OpenAIService.swift; sourceTree = "<group>"; };
		94AA6DC32DF8D67D00858077 /* ProfileView.swift */ = {isa = PBXFileReference; lastKnownFileType = sourcecode.swift; path = ProfileView.swift; sourceTree = "<group>"; };
		94B468A22E1431DF00464897 /* ARKit.framework */ = {isa = PBXFileReference; explicitFileType = wrapper.framework; path = ARKit.framework; sourceTree = BUILT_PRODUCTS_DIR; };
		94B468A42E1431FB00464897 /* SceneKit.framework */ = {isa = PBXFileReference; lastKnownFileType = wrapper.framework; name = SceneKit.framework; path = System/Library/Frameworks/SceneKit.framework; sourceTree = SDKROOT; };
		94C4DE772E15B0AF00DA0139 /* LocalizationManager.swift */ = {isa = PBXFileReference; lastKnownFileType = sourcecode.swift; path = LocalizationManager.swift; sourceTree = "<group>"; };
		94C4DE792E15BB8300DA0139 /* AuthenticationViewModel.swift */ = {isa = PBXFileReference; lastKnownFileType = sourcecode.swift; path = AuthenticationViewModel.swift; sourceTree = "<group>"; };
		94C4DE7B2E15BB9F00DA0139 /* UserService.swift */ = {isa = PBXFileReference; lastKnownFileType = sourcecode.swift; path = UserService.swift; sourceTree = "<group>"; };
		94C4DE7D2E15BBD600DA0139 /* DocumentManagerView.swift */ = {isa = PBXFileReference; lastKnownFileType = sourcecode.swift; path = DocumentManagerView.swift; sourceTree = "<group>"; };
		94C4DE7F2E15BBEA00DA0139 /* CaseStatusView.swift */ = {isa = PBXFileReference; lastKnownFileType = sourcecode.swift; path = CaseStatusView.swift; sourceTree = "<group>"; };
		94C4DE812E15BC0F00DA0139 /* BookAppointmentView.swift */ = {isa = PBXFileReference; lastKnownFileType = sourcecode.swift; path = BookAppointmentView.swift; sourceTree = "<group>"; };
		94C4DE832E15BC2E00DA0139 /* EditProfileView.swift */ = {isa = PBXFileReference; lastKnownFileType = sourcecode.swift; path = EditProfileView.swift; sourceTree = "<group>"; };
		94C4DE852E15BC7700DA0139 /* UKLegalResourcesView.swift */ = {isa = PBXFileReference; lastKnownFileType = sourcecode.swift; path = UKLegalResourcesView.swift; sourceTree = "<group>"; };
		94C4DE872E15BC8F00DA0139 /* LanguageAssistanceView.swift */ = {isa = PBXFileReference; lastKnownFileType = sourcecode.swift; path = LanguageAssistanceView.swift; sourceTree = "<group>"; };
		94C4DE892E15C05700DA0139 /* UploadedDocument.swift */ = {isa = PBXFileReference; lastKnownFileType = sourcecode.swift; path = UploadedDocument.swift; sourceTree = "<group>"; };
		94C4DE8B2E15C45900DA0139 /* AppointmentsView.swift */ = {isa = PBXFileReference; lastKnownFileType = sourcecode.swift; path = AppointmentsView.swift; sourceTree = "<group>"; };
		94C4DE8D2E15C4AF00DA0139 /* Appointment.swift */ = {isa = PBXFileReference; lastKnownFileType = sourcecode.swift; path = Appointment.swift; sourceTree = "<group>"; };
		94D1901E2DFA156D00D3E366 /* RefugeGuide.app */ = {isa = PBXFileReference; explicitFileType = wrapper.application; includeInIndex = 0; path = RefugeGuide.app; sourceTree = BUILT_PRODUCTS_DIR; };
		94D1901F2DFA156D00D3E366 /* RefugeGuideTests.xctest */ = {isa = PBXFileReference; explicitFileType = wrapper.cfbundle; includeInIndex = 0; path = RefugeGuideTests.xctest; sourceTree = BUILT_PRODUCTS_DIR; };
		94D190202DFA156D00D3E366 /* RefugeGuideUITests.xctest */ = {isa = PBXFileReference; explicitFileType = wrapper.cfbundle; includeInIndex = 0; path = RefugeGuideUITests.xctest; sourceTree = BUILT_PRODUCTS_DIR; };
		94E5D2002E18715E0064F118 /* MappingUtils.swift */ = {isa = PBXFileReference; lastKnownFileType = sourcecode.swift; path = MappingUtils.swift; sourceTree = "<group>"; };
		94E5D2022E1879620064F118 /* RefugeeStatus.swift */ = {isa = PBXFileReference; lastKnownFileType = sourcecode.swift; path = RefugeeStatus.swift; sourceTree = "<group>"; };
		94E5D2042E188A430064F118 /* ConsultationScheduleView.swift */ = {isa = PBXFileReference; lastKnownFileType = sourcecode.swift; path = ConsultationScheduleView.swift; sourceTree = "<group>"; };
		94E69F822E149DE500663120 /* ARKit.framework */ = {isa = PBXFileReference; lastKnownFileType = wrapper.framework; name = ARKit.framework; path = System/Library/Frameworks/ARKit.framework; sourceTree = SDKROOT; };
		94E7BF9A2DF90BFC0006E20B /* SignInView.swift */ = {isa = PBXFileReference; lastKnownFileType = sourcecode.swift; path = SignInView.swift; sourceTree = "<group>"; };
		9E83FD2EB82303A39DF6D2EE /* Pods-RefugeGuide.release.xcconfig */ = {isa = PBXFileReference; includeInIndex = 1; lastKnownFileType = text.xcconfig; name = "Pods-RefugeGuide.release.xcconfig"; path = "Target Support Files/Pods-RefugeGuide/Pods-RefugeGuide.release.xcconfig"; sourceTree = "<group>"; };
/* End PBXFileReference section */

/* Begin PBXFileSystemSynchronizedRootGroup section */
		944A852C2DF86B6C004DB9D9 /* RefugeGuide */ = {
			isa = PBXFileSystemSynchronizedRootGroup;
			path = RefugeGuide;
			sourceTree = "<group>";
		};
		944A853D2DF86B74004DB9D9 /* RefugeGuideTests */ = {
			isa = PBXFileSystemSynchronizedRootGroup;
			path = RefugeGuideTests;
			sourceTree = "<group>";
		};
		944A85472DF86B74004DB9D9 /* RefugeGuideUITests */ = {
			isa = PBXFileSystemSynchronizedRootGroup;
			path = RefugeGuideUITests;
			sourceTree = "<group>";
		};
/* End PBXFileSystemSynchronizedRootGroup section */

/* Begin PBXFrameworksBuildPhase section */
		944A85272DF86B6C004DB9D9 /* Frameworks */ = {
			isa = PBXFrameworksBuildPhase;
			buildActionMask = 2147483647;
			files = (
				94E69F832E149DE500663120 /* ARKit.framework in Frameworks */,
				94E69F812E149DD400663120 /* SceneKit.framework in Frameworks */,
				94B4905F2DFBA4A100CA4F5C /* ExyteOpenAI in Frameworks */,
				94AA6DC12DF8C78100858077 /* AlertToast in Frameworks */,
				A8CF3C3BD97C301134A79766 /* Pods_RefugeGuide.framework in Frameworks */,
			);
			runOnlyForDeploymentPostprocessing = 0;
		};
		944A85372DF86B74004DB9D9 /* Frameworks */ = {
			isa = PBXFrameworksBuildPhase;
			buildActionMask = 2147483647;
			files = (
			);
			runOnlyForDeploymentPostprocessing = 0;
		};
		944A85412DF86B74004DB9D9 /* Frameworks */ = {
			isa = PBXFrameworksBuildPhase;
			buildActionMask = 2147483647;
			files = (
			);
			runOnlyForDeploymentPostprocessing = 0;
		};
/* End PBXFrameworksBuildPhase section */

/* Begin PBXGroup section */
		1203FBF4E6FD61A7B801DD60 /* Pods */ = {
			isa = PBXGroup;
			children = (
				2C01C6D3569E6C9B7461A1FC /* Pods-RefugeGuide.debug.xcconfig */,
				9E83FD2EB82303A39DF6D2EE /* Pods-RefugeGuide.release.xcconfig */,
			);
			path = Pods;
			sourceTree = "<group>";
		};
		83BCF0F6ED85E89AE11B31F9 /* Frameworks */ = {
			isa = PBXGroup;
			children = (
				942B39AB2E14773F00DCEE00 /* ARKit.framework */,
				94E69F822E149DE500663120 /* ARKit.framework */,
				94B468A42E1431FB00464897 /* SceneKit.framework */,
				94B468A22E1431DF00464897 /* ARKit.framework */,
				09146FDBEBCE68B953708F53 /* Pods_RefugeGuide.framework */,
			);
			name = Frameworks;
			sourceTree = "<group>";
		};
		94325D472DF89BA300B3DBC4 /* Components */ = {
			isa = PBXGroup;
			children = (
				947AA79D2E13562300328334 /* VisualEffectView.swift */,
				949C4E432E13139F0050D7FF /* PrimaryButtonStyle.swift */,
				949C4E3D2E12EDDF0050D7FF /* UKLegalNotice.swift */,
				949C4E3B2E12EDB30050D7FF /* ErrorView.swift */,
				949C4E372E12ED4B0050D7FF /* ProcessingView.swift */,
				949C4E352E12E0060050D7FF /* ImagePickerView.swift */,
				945291872E0099F100D0BAE0 /* ResourceRowView.swift */,
				94325D462DF89BA300B3DBC4 /* DocumentPickerView.swift */,
			);
			path = Components;
			sourceTree = "<group>";
		};
		94325D4A2DF89BA300B3DBC4 /* DashboardViews */ = {
			isa = PBXGroup;
			children = (
				94325D482DF89BA300B3DBC4 /* DashboardView.swift */,
				94325D492DF89BA300B3DBC4 /* ResourceDetailView.swift */,
			);
			path = DashboardViews;
			sourceTree = "<group>";
		};
		94325D4D2DF89BA300B3DBC4 /* DocumentViews */ = {
			isa = PBXGroup;
			children = (
				949C4E3F2E12EEEE0050D7FF /* DocumentTypeSelectionView.swift */,
				949C4E392E12ED820050D7FF /* DocumentResultView.swift */,
				9439B6F52E11C10B0020A840 /* DocumentAIView.swift */,
				94369CC22DFDFE41003895D7 /* UploadDocumentView.swift */,
				94325D4B2DF89BA300B3DBC4 /* MyDocumentsView.swift */,
				94369CBE2DFDED4D003895D7 /* HelpChatView.swift */,
			);
			path = DocumentViews;
			sourceTree = "<group>";
		};
		94325D5A2DF89BA300B3DBC4 /* OnboardingViews */ = {
			isa = PBXGroup;
			children = (
				9429C3782E15EED80060FB57 /* ExistingAsylumGuideView.swift */,
				9429C3762E15EEB80060FB57 /* ResidenceGuideView.swift */,
				9429C3742E15EE560060FB57 /* AsylumGuideView.swift */,
				9429C3722E15EDE00060FB57 /* StatusSelectionView.swift */,
				9429C3702E15ED990060FB57 /* WelcomeIntroView.swift */,
				9417DFAA2E15D7F800C9EC82 /* GuideContentView.swift */,
				9439B6ED2E11B45D0020A840 /* LanguageSelectionView.swift */,
				9439B6EB2E11AD310020A840 /* LeaveToRemainGuideView.swift */,
				9439B6E72E11A91C0020A840 /*  OnboardingFlow.swift */,
				94E7BF9A2DF90BFC0006E20B /* SignInView.swift */,
				94325D4E2DF89BA300B3DBC4 /* DocumentChecklistView.swift */,
				94325D4F2DF89BA300B3DBC4 /* EVisaInfoView.swift */,
				94325D512DF89BA300B3DBC4 /* ExistingAsylumVerificationView.swift */,
				94325D502DF89BA300B3DBC4 /* EVisaView.swift */,
				94325D522DF89BA300B3DBC4 /* IntroToAsylumView.swift */,
				94325D582DF89BA300B3DBC4 /* UserTypeSelectionView.swift */,
				94325D532DF89BA300B3DBC4 /* LanguagePickerView.swift */,
				94325D542DF89BA300B3DBC4 /* NewAsylumSeekerOnboardingView.swift */,
				94325D562DF89BA300B3DBC4 /* RegistrationView.swift */,
				94325D572DF89BA300B3DBC4 /* UserPathSelectionView.swift */,
				94325D592DF89BA300B3DBC4 /* WelcomeView.swift */,
			);
			path = OnboardingViews;
			sourceTree = "<group>";
		};
		94325D5C2DF89BA300B3DBC4 /* SettingsViews */ = {
			isa = PBXGroup;
			children = (
				94325D5B2DF89BA300B3DBC4 /* SettingsView.swift */,
			);
			path = SettingsViews;
			sourceTree = "<group>";
		};
		94325D5E2DF89BA300B3DBC4 /* TabViews */ = {
			isa = PBXGroup;
			children = (
				94325D5D2DF89BA300B3DBC4 /* MainTabView.swift */,
			);
			path = TabViews;
			sourceTree = "<group>";
		};
		94325D602DF89BA300B3DBC4 /* Views */ = {
			isa = PBXGroup;
			children = (
				9439B6E02E118D050020A840 /* CommunityViews */,
				9452919D2E0110F700D0BAE0 /* LocalServices */,
				9452918F2E009DC000D0BAE0 /* Help */,
				948C5B0B2DFF8E1A00837EB3 /* Previews */,
				94369CC42DFE5D8F003895D7 /* ConsultationViews */,
				94325D472DF89BA300B3DBC4 /* Components */,
				94325D4A2DF89BA300B3DBC4 /* DashboardViews */,
				94325D4D2DF89BA300B3DBC4 /* DocumentViews */,
				94325D5A2DF89BA300B3DBC4 /* OnboardingViews */,
				94AA6DC22DF8D65A00858077 /* ProfileViews */,
				94325D5C2DF89BA300B3DBC4 /* SettingsViews */,
				94325D5E2DF89BA300B3DBC4 /* TabViews */,
				94325D5F2DF89BA300B3DBC4 /* AppEntry.swift */,
				948CD4FF2E10DB7C002D200B /* Shared */,
				9439B6DB2E118BFD0020A840 /* Community */,
			);
			path = Views;
			sourceTree = "<group>";
		};
		94325D762DF89BDD00B3DBC4 /* ViewModels */ = {
			isa = PBXGroup;
			children = (
				9433ED0C2E1D827B004C4BCC /* AppInitializationViewModel.swift */,
				94C4DE792E15BB8300DA0139 /* AuthenticationViewModel.swift */,
				948CD4F62E10C266002D200B /* DocumentAIViewModel.swift */,
				948CD4F42E10C24F002D200B /* CommunityViewModel.swift */,
				948CD4F22E10C20B002D200B /* ARNavigationViewModel.swift */,
				9452919B2E010D9200D0BAE0 /* ServicesViewModel.swift */,
				945291842E00992400D0BAE0 /* HelpResourcesViewModel.swift */,
				948C5B092DFF718C00837EB3 /* ConsultationScheduleViewModel.swift */,
				94369CC92DFE5EC5003895D7 /* VideoConsultationViewModel.swift */,
			);
			path = ViewModels;
			sourceTree = "<group>";
		};
		94325D772DF89BF000B3DBC4 /* Utilities */ = {
			isa = PBXGroup;
			children = (
				94A901292E1B53700070767A /* OpenAIService.swift */,
				94E5D2002E18715E0064F118 /* MappingUtils.swift */,
				94C4DE772E15B0AF00DA0139 /* LocalizationManager.swift */,
				9452ED502E123C5700F49D59 /* ImagePicker.swift */,
				9439B6FD2E121E910020A840 /* SecureConfig.swift */,
				948CD4FC2E10DAF7002D200B /* URLSession+Async.swift */,
				948CD4F82E10D524002D200B /* ExtensionCLLocation.swift */,
				94369CCA2DFE5EF4003895D7 /* AgoraVideoViewRepresentable.swift */,
				948AD5052DFA3E0700F272F6 /* FirebaseManager.swift */,
				947CD69F2E14455700414E5B /* SceneKitHelpers.swift */,
			);
			path = Utilities;
			sourceTree = "<group>";
		};
		94325D7A2DF89BFE00B3DBC4 /* Services */ = {
			isa = PBXGroup;
			children = (
				947B846E2E18C01A0007A470 /* AgoraManager.swift */,
				94C4DE7B2E15BB9F00DA0139 /* UserService.swift */,
				949E36202E14D49F00FDEC31 /* Service.swift */,
				942B39A92E1476B000DCEE00 /* ARTest.swift */,
				949C4E412E12FA5A0050D7FF /* DocumentAnalyzer.swift */,
				9439B6FF2E121FB20020A840 /*  UKGovAPIService.swift */,
				945291A22E01156700D0BAE0 /* LocationManager.swift */,
				940F153C2DFB1C73001385CE /* AuthManager.swift */,
				9439B6E52E119C320020A840 /* AppConfigurator.swift */,
				94325D782DF89BFE00B3DBC4 /* DocumentUploader.swift */,
				94325D792DF89BFE00B3DBC4 /* FileUploader.swift */,
			);
			path = Services;
			sourceTree = "<group>";
		};
		94325D7E2DF89C1000B3DBC4 /* Models */ = {
			isa = PBXGroup;
			children = (
				94E5D2022E1879620064F118 /* RefugeeStatus.swift */,
				9429C3842E174C2A0060FB57 /* UKSampleData.swift */,
				9429C3802E17306B0060FB57 /* Resource.swift */,
				9429C37E2E16FDCF0060FB57 /* UserResourceCategory.swift */,
				9429C37C2E16DCDA0060FB57 /* AsylumGuideCards.swift */,
				9417DFAC2E15D92400C9EC82 /* RefugeeUserType.swift */,
				9429C3862E17848A0060FB57 /* UserResource.swift */,
				947B84722E19BA620007A470 /* ResourceType.swift */,
				9417DFA82E15D52900C9EC82 /*  GuideCardData.swift */,
				94C4DE8D2E15C4AF00DA0139 /* Appointment.swift */,
				94C4DE892E15C05700DA0139 /* UploadedDocument.swift */,
				949C4E332E12DF280050D7FF /* DocumentAIResult.swift */,
				949C4E312E12DD390050D7FF /* UKDocumentType.swift */,
				9439B6FB2E11E65F0020A840 /* CommunityPost.swift */,
				945291992E01005100D0BAE0 /* LocalService.swift */,
				945291822E0098FE00D0BAE0 /* HelpResource.swift */,
				9422987A2DFF0B61007DDED8 /* ChatMessage.swift */,
				94369CCB2DFE5F34003895D7 /* Consultation.swift */,
				948CD50B2E10E77C002D200B /* UserPost.swift */,
				948CD50C2E10E77C002D200B /* UKResource.swift */,
			);
			path = Models;
			sourceTree = "<group>";
		};
		94369CC42DFE5D8F003895D7 /* ConsultationViews */ = {
			isa = PBXGroup;
			children = (
				94E5D2042E188A430064F118 /* ConsultationScheduleView.swift */,
				94369CCD2DFE64C4003895D7 /* ConsultationListView.swift */,
				9439B6F12E11BF520020A840 /* LegalDirectoryView.swift */,
				94369CC72DFE5E7C003895D7 /* VideoCallView.swift */,
				94369CC52DFE5E4A003895D7 /* VideoConsultationView.swift */,
			);
			path = ConsultationViews;
			sourceTree = "<group>";
		};
		9439B6DB2E118BFD0020A840 /* Community */ = {
			isa = PBXGroup;
			children = (
				9439B6D82E118BFD0020A840 /* NewPostView.swift */,
				9439B6D92E118BFD0020A840 /* PostCardView.swift */,
				9439B6DA2E118BFD0020A840 /* ResourceListView.swift */,
			);
			path = Community;
			sourceTree = "<group>";
		};
		9439B6E02E118D050020A840 /* CommunityViews */ = {
			isa = PBXGroup;
			children = (
				9439B6E12E118D1F0020A840 /* CommunityView.swift */,
			);
			path = CommunityViews;
			sourceTree = "<group>";
		};
		944A85212DF86B6C004DB9D9 = {
			isa = PBXGroup;
			children = (
				94325D802DF89C1F00B3DBC4 /* AppDelegate.swift */,
				9444DB372DFC7BA600A167FC /* Info.plist */,
				94325D7E2DF89C1000B3DBC4 /* Models */,
				94325D7A2DF89BFE00B3DBC4 /* Services */,
				945291922E00A70B00D0BAE0 /* Resources */,
				94325D772DF89BF000B3DBC4 /* Utilities */,
				94325D762DF89BDD00B3DBC4 /* ViewModels */,
				94325D602DF89BA300B3DBC4 /* Views */,
				944A852C2DF86B6C004DB9D9 /* RefugeGuide */,
				944A853D2DF86B74004DB9D9 /* RefugeGuideTests */,
				944A85472DF86B74004DB9D9 /* RefugeGuideUITests */,
				1203FBF4E6FD61A7B801DD60 /* Pods */,
				94D1901E2DFA156D00D3E366 /* RefugeGuide.app */,
				94D1901F2DFA156D00D3E366 /* RefugeGuideTests.xctest */,
				94D190202DFA156D00D3E366 /* RefugeGuideUITests.xctest */,
				948CD4FA2E10D755002D200B /* GoogleService-Info.plist */,
				83BCF0F6ED85E89AE11B31F9 /* Frameworks */,
			);
			sourceTree = "<group>";
		};
		9452918F2E009DC000D0BAE0 /* Help */ = {
			isa = PBXGroup;
			children = (
				9439B6E32E119A6F0020A840 /* HelpChat.swift */,
				945291902E009E3E00D0BAE0 /*  HelpResourcesView.swift */,
				9452918B2E009B1000D0BAE0 /* SafetyPlanView.swift */,
			);
			path = Help;
			sourceTree = "<group>";
		};
		945291922E00A70B00D0BAE0 /* Resources */ = {
			isa = PBXGroup;
			children = (
				945291932E00A9CF00D0BAE0 /* Localizable.xcstrings */,
			);
			path = Resources;
			sourceTree = "<group>";
		};
		9452919D2E0110F700D0BAE0 /* LocalServices */ = {
			isa = PBXGroup;
			children = (
				9463D6262E01EB4F003C3C63 /* MapComponents.swift */,
				945291AA2E011B5500D0BAE0 /* ServiceDetailView.swift */,
				9439B6EF2E11BD4C0020A840 /* ARNavigationView.swift */,
				945291A82E011B3500D0BAE0 /* ServiceRow.swift */,
				945291A42E01175800D0BAE0 /* LocalServicesView.swift */,
				945291A02E0111F700D0BAE0 /* LocalServicesMapView.swift */,
				9452919E2E01111200D0BAE0 /* MapExtensions.swift */,
			);
			path = LocalServices;
			sourceTree = "<group>";
		};
		948C5B0B2DFF8E1A00837EB3 /* Previews */ = {
			isa = PBXGroup;
			children = (
				948C5B0C2DFF8E4200837EB3 /* FlowPreview.swift */,
			);
			path = Previews;
			sourceTree = "<group>";
		};
		948CD4FF2E10DB7C002D200B /* Shared */ = {
			isa = PBXGroup;
			children = (
				948CD4FE2E10DB7C002D200B /* SearchBar.swift */,
			);
			path = Shared;
			sourceTree = "<group>";
		};
		94AA6DC22DF8D65A00858077 /* ProfileViews */ = {
			isa = PBXGroup;
			children = (
				94C4DE8B2E15C45900DA0139 /* AppointmentsView.swift */,
				94C4DE872E15BC8F00DA0139 /* LanguageAssistanceView.swift */,
				94C4DE852E15BC7700DA0139 /* UKLegalResourcesView.swift */,
				94C4DE832E15BC2E00DA0139 /* EditProfileView.swift */,
				94C4DE812E15BC0F00DA0139 /* BookAppointmentView.swift */,
				94C4DE7F2E15BBEA00DA0139 /* CaseStatusView.swift */,
				94C4DE7D2E15BBD600DA0139 /* DocumentManagerView.swift */,
				94AA6DC32DF8D67D00858077 /* ProfileView.swift */,
			);
			path = ProfileViews;
			sourceTree = "<group>";
		};
/* End PBXGroup section */

/* Begin PBXNativeTarget section */
		944A85292DF86B6C004DB9D9 /* RefugeGuide */ = {
			isa = PBXNativeTarget;
			buildConfigurationList = 944A854E2DF86B74004DB9D9 /* Build configuration list for PBXNativeTarget "RefugeGuide" */;
			buildPhases = (
				370371A6F65CC0604CCB2237 /* [CP] Check Pods Manifest.lock */,
				944A85262DF86B6C004DB9D9 /* Sources */,
				944A85272DF86B6C004DB9D9 /* Frameworks */,
				944A85282DF86B6C004DB9D9 /* Resources */,
				B3420DE2874759E5E9F919F6 /* [CP] Embed Pods Frameworks */,
				3FD8D3916735B4478B05457B /* [CP] Copy Pods Resources */,
			);
			buildRules = (
			);
			dependencies = (
			);
			fileSystemSynchronizedGroups = (
				944A852C2DF86B6C004DB9D9 /* RefugeGuide */,
			);
			name = RefugeGuide;
			packageProductDependencies = (
				94AA6DC02DF8C78100858077 /* AlertToast */,
				94B4905E2DFBA4A100CA4F5C /* ExyteOpenAI */,
			);
			productName = RefugeGuide;
			productReference = 94D1901E2DFA156D00D3E366 /* RefugeGuide.app */;
			productType = "com.apple.product-type.application";
		};
		944A85392DF86B74004DB9D9 /* RefugeGuideTests */ = {
			isa = PBXNativeTarget;
			buildConfigurationList = 944A85512DF86B74004DB9D9 /* Build configuration list for PBXNativeTarget "RefugeGuideTests" */;
			buildPhases = (
				944A85362DF86B74004DB9D9 /* Sources */,
				944A85372DF86B74004DB9D9 /* Frameworks */,
				944A85382DF86B74004DB9D9 /* Resources */,
			);
			buildRules = (
			);
			dependencies = (
				944A853C2DF86B74004DB9D9 /* PBXTargetDependency */,
			);
			fileSystemSynchronizedGroups = (
				944A853D2DF86B74004DB9D9 /* RefugeGuideTests */,
			);
			name = RefugeGuideTests;
			productName = RefugeGuideTests;
			productReference = 94D1901F2DFA156D00D3E366 /* RefugeGuideTests.xctest */;
			productType = "com.apple.product-type.bundle.unit-test";
		};
		944A85432DF86B74004DB9D9 /* RefugeGuideUITests */ = {
			isa = PBXNativeTarget;
			buildConfigurationList = 944A85542DF86B74004DB9D9 /* Build configuration list for PBXNativeTarget "RefugeGuideUITests" */;
			buildPhases = (
				944A85402DF86B74004DB9D9 /* Sources */,
				944A85412DF86B74004DB9D9 /* Frameworks */,
				944A85422DF86B74004DB9D9 /* Resources */,
			);
			buildRules = (
			);
			dependencies = (
				944A85462DF86B74004DB9D9 /* PBXTargetDependency */,
			);
			fileSystemSynchronizedGroups = (
				944A85472DF86B74004DB9D9 /* RefugeGuideUITests */,
			);
			name = RefugeGuideUITests;
			productName = RefugeGuideUITests;
			productReference = 94D190202DFA156D00D3E366 /* RefugeGuideUITests.xctest */;
			productType = "com.apple.product-type.bundle.ui-testing";
		};
/* End PBXNativeTarget section */

/* Begin PBXProject section */
		944A85222DF86B6C004DB9D9 /* Project object */ = {
			isa = PBXProject;
			attributes = {
				BuildIndependentTargetsInParallel = 1;
				LastSwiftUpdateCheck = 1620;
				LastUpgradeCheck = 1620;
				TargetAttributes = {
					944A85292DF86B6C004DB9D9 = {
						CreatedOnToolsVersion = 16.2;
					};
					944A85392DF86B74004DB9D9 = {
						CreatedOnToolsVersion = 16.2;
						TestTargetID = 944A85292DF86B6C004DB9D9;
					};
					944A85432DF86B74004DB9D9 = {
						CreatedOnToolsVersion = 16.2;
						TestTargetID = 944A85292DF86B6C004DB9D9;
					};
				};
			};
			buildConfigurationList = 944A85252DF86B6C004DB9D9 /* Build configuration list for PBXProject "RefugeGuide" */;
			developmentRegion = en;
			hasScannedForEncodings = 0;
			knownRegions = (
				en,
				Base,
				ar,
				"fa-IR",
				fr,
				uk,
				ur,
				fa,
				ps,
				ku,
			);
			mainGroup = 944A85212DF86B6C004DB9D9;
			minimizedProjectReferenceProxies = 1;
			packageReferences = (
				94AA6DBF2DF8C78100858077 /* XCRemoteSwiftPackageReference "AlertToast" */,
				94B4905D2DFBA4A000CA4F5C /* XCRemoteSwiftPackageReference "OpenAI" */,
			);
			preferredProjectObjectVersion = 77;
			productRefGroup = 944A85212DF86B6C004DB9D9;
			projectDirPath = "";
			projectRoot = "";
			targets = (
				944A85292DF86B6C004DB9D9 /* RefugeGuide */,
				944A85392DF86B74004DB9D9 /* RefugeGuideTests */,
				944A85432DF86B74004DB9D9 /* RefugeGuideUITests */,
			);
		};
/* End PBXProject section */

/* Begin PBXResourcesBuildPhase section */
		944A85282DF86B6C004DB9D9 /* Resources */ = {
			isa = PBXResourcesBuildPhase;
			buildActionMask = 2147483647;
			files = (
				945291942E00A9CF00D0BAE0 /* Localizable.xcstrings in Resources */,
				948CD4FB2E10D755002D200B /* GoogleService-Info.plist in Resources */,
			);
			runOnlyForDeploymentPostprocessing = 0;
		};
		944A85382DF86B74004DB9D9 /* Resources */ = {
			isa = PBXResourcesBuildPhase;
			buildActionMask = 2147483647;
			files = (
			);
			runOnlyForDeploymentPostprocessing = 0;
		};
		944A85422DF86B74004DB9D9 /* Resources */ = {
			isa = PBXResourcesBuildPhase;
			buildActionMask = 2147483647;
			files = (
			);
			runOnlyForDeploymentPostprocessing = 0;
		};
/* End PBXResourcesBuildPhase section */

/* Begin PBXShellScriptBuildPhase section */
		370371A6F65CC0604CCB2237 /* [CP] Check Pods Manifest.lock */ = {
			isa = PBXShellScriptBuildPhase;
			buildActionMask = 2147483647;
			files = (
			);
			inputFileListPaths = (
			);
			inputPaths = (
				"${PODS_PODFILE_DIR_PATH}/Podfile.lock",
				"${PODS_ROOT}/Manifest.lock",
			);
			name = "[CP] Check Pods Manifest.lock";
			outputFileListPaths = (
			);
			outputPaths = (
				"$(DERIVED_FILE_DIR)/Pods-RefugeGuide-checkManifestLockResult.txt",
			);
			runOnlyForDeploymentPostprocessing = 0;
			shellPath = /bin/sh;
			shellScript = "diff \"${PODS_PODFILE_DIR_PATH}/Podfile.lock\" \"${PODS_ROOT}/Manifest.lock\" > /dev/null\nif [ $? != 0 ] ; then\n    # print error to STDERR\n    echo \"error: The sandbox is not in sync with the Podfile.lock. Run 'pod install' or update your CocoaPods installation.\" >&2\n    exit 1\nfi\n# This output is used by Xcode 'outputs' to avoid re-running this script phase.\necho \"SUCCESS\" > \"${SCRIPT_OUTPUT_FILE_0}\"\n";
			showEnvVarsInLog = 0;
		};
		3FD8D3916735B4478B05457B /* [CP] Copy Pods Resources */ = {
			isa = PBXShellScriptBuildPhase;
			buildActionMask = 2147483647;
			files = (
			);
			inputFileListPaths = (
				"${PODS_ROOT}/Target Support Files/Pods-RefugeGuide/Pods-RefugeGuide-resources-${CONFIGURATION}-input-files.xcfilelist",
			);
			name = "[CP] Copy Pods Resources";
			outputFileListPaths = (
				"${PODS_ROOT}/Target Support Files/Pods-RefugeGuide/Pods-RefugeGuide-resources-${CONFIGURATION}-output-files.xcfilelist",
			);
			runOnlyForDeploymentPostprocessing = 0;
			shellPath = /bin/sh;
			shellScript = "\"${PODS_ROOT}/Target Support Files/Pods-RefugeGuide/Pods-RefugeGuide-resources.sh\"\n";
			showEnvVarsInLog = 0;
		};
		B3420DE2874759E5E9F919F6 /* [CP] Embed Pods Frameworks */ = {
			isa = PBXShellScriptBuildPhase;
			buildActionMask = 2147483647;
			files = (
			);
			inputFileListPaths = (
				"${PODS_ROOT}/Target Support Files/Pods-RefugeGuide/Pods-RefugeGuide-frameworks-${CONFIGURATION}-input-files.xcfilelist",
			);
			name = "[CP] Embed Pods Frameworks";
			outputFileListPaths = (
				"${PODS_ROOT}/Target Support Files/Pods-RefugeGuide/Pods-RefugeGuide-frameworks-${CONFIGURATION}-output-files.xcfilelist",
			);
			runOnlyForDeploymentPostprocessing = 0;
			shellPath = /bin/sh;
			shellScript = "\"${PODS_ROOT}/Target Support Files/Pods-RefugeGuide/Pods-RefugeGuide-frameworks.sh\"\n";
			showEnvVarsInLog = 0;
		};
/* End PBXShellScriptBuildPhase section */

/* Begin PBXSourcesBuildPhase section */
		944A85262DF86B6C004DB9D9 /* Sources */ = {
			isa = PBXSourcesBuildPhase;
			buildActionMask = 2147483647;
			files = (
				94369CD12DFE790B003895D7 /* FirebaseManager.swift in Sources */,
				94C4DE842E15BC3400DA0139 /* EditProfileView.swift in Sources */,
				9439B6F62E11C10B0020A840 /* DocumentAIView.swift in Sources */,
				94E79F022E14BA53002A8D24 /* LanguagePickerView.swift in Sources */,
				9417DFAB2E15D7FE00C9EC82 /* GuideContentView.swift in Sources */,
				94E79F042E14BA79002A8D24 /* RegistrationView.swift in Sources */,
				9439B6E62E119C320020A840 /* AppConfigurator.swift in Sources */,
				9429C37F2E16FDD90060FB57 /* UserResourceCategory.swift in Sources */,
				9429C37D2E16DCED0060FB57 /* AsylumGuideCards.swift in Sources */,
				949C4E342E12DF2F0050D7FF /* DocumentAIResult.swift in Sources */,
				94E79EF92E14B992002A8D24 /* DashboardView.swift in Sources */,
				945291A12E0111FF00D0BAE0 /* LocalServicesMapView.swift in Sources */,
				94C4DE7A2E15BB8700DA0139 /* AuthenticationViewModel.swift in Sources */,
				945291832E00991F00D0BAE0 /* HelpResource.swift in Sources */,
				94E79F0E2E14BB1D002A8D24 /* ResourceListView.swift in Sources */,
				94E79EF72E14B971002A8D24 /* ImagePickerView.swift in Sources */,
				9429C3812E1730750060FB57 /* Resource.swift in Sources */,
				94E5D2032E1879670064F118 /* RefugeeStatus.swift in Sources */,
				9452919A2E01005E00D0BAE0 /* LocalService.swift in Sources */,
				9429C3732E15EDE80060FB57 /* StatusSelectionView.swift in Sources */,
				94325D652DF89BA300B3DBC4 /* MyDocumentsView.swift in Sources */,
				9429C3772E15EEBD0060FB57 /* ResidenceGuideView.swift in Sources */,
				94C4DE8E2E15C4B300DA0139 /* Appointment.swift in Sources */,
				94E79EFD2E14B9FD002A8D24 /* LeaveToRemainGuideView.swift in Sources */,
				9433ED0D2E1D827F004C4BCC /* AppInitializationViewModel.swift in Sources */,
				9429C3852E174C310060FB57 /* UKSampleData.swift in Sources */,
				94E79F092E14BAD2002A8D24 /* SettingsView.swift in Sources */,
				94C4DE8C2E15C46400DA0139 /* AppointmentsView.swift in Sources */,
				94E79F0C2E14BAFD002A8D24 /* NewPostView.swift in Sources */,
				949C4E3E2E12EDE30050D7FF /* UKLegalNotice.swift in Sources */,
				94369CCC2DFE5F3C003895D7 /* Consultation.swift in Sources */,
				94E79F002E14BA27002A8D24 /* EVisaInfoView.swift in Sources */,
				949C4E322E12DD410050D7FF /* UKDocumentType.swift in Sources */,
				948C5B0D2DFF8E4800837EB3 /* FlowPreview.swift in Sources */,
				94E79F082E14BAC3002A8D24 /* ProfileView.swift in Sources */,
				94E79EF32E14B92B002A8D24 /* VisualEffectView.swift in Sources */,
				9439B6E22E118D240020A840 /* CommunityView.swift in Sources */,
				94325D682DF89BA300B3DBC4 /* ExistingAsylumVerificationView.swift in Sources */,
				949C4E3A2E12ED890050D7FF /* DocumentResultView.swift in Sources */,
				94E79EF22E14B8DE002A8D24 /* ARNavigationView.swift in Sources */,
				94A9012A2E1B53760070767A /* OpenAIService.swift in Sources */,
				9439B6FC2E11E6670020A840 /* CommunityPost.swift in Sources */,
				94369CBF2DFDED57003895D7 /* HelpChatView.swift in Sources */,
				94E79EEF2E14B819002A8D24 /* ARTest.swift in Sources */,
				945291AB2E011B5E00D0BAE0 /* ServiceDetailView.swift in Sources */,
				94E79EF02E14B873002A8D24 /* SceneKitHelpers.swift in Sources */,
				9452918C2E009B1700D0BAE0 /* SafetyPlanView.swift in Sources */,
				94E5D2012E1871610064F118 /* MappingUtils.swift in Sources */,
				9429C3712E15EDA10060FB57 /* WelcomeIntroView.swift in Sources */,
				9439B6F22E11BF520020A840 /* LegalDirectoryView.swift in Sources */,
				94E5D2052E188A4C0064F118 /* ConsultationScheduleView.swift in Sources */,
				945291912E009E4600D0BAE0 /*  HelpResourcesView.swift in Sources */,
				94325D6B2DF89BA300B3DBC4 /* EVisaView.swift in Sources */,
				94E79EF12E14B893002A8D24 /* ARNavigationViewModel.swift in Sources */,
				948CD4F72E10C26A002D200B /* DocumentAIViewModel.swift in Sources */,
				94C4DE822E15BC1400DA0139 /* BookAppointmentView.swift in Sources */,
				945291A52E01175E00D0BAE0 /* LocalServicesView.swift in Sources */,
				9439B6E42E119A790020A840 /* HelpChat.swift in Sources */,
				9429C3752E15EE650060FB57 /* AsylumGuideView.swift in Sources */,
				94E79F0A2E14BAE1002A8D24 /* AppEntry.swift in Sources */,
				94C4DE8A2E15C05D00DA0139 /* UploadedDocument.swift in Sources */,
				94C4DE7C2E15BBA400DA0139 /* UserService.swift in Sources */,
				94E79F062E14BA9B002A8D24 /* UserTypeSelectionView.swift in Sources */,
				945291A32E01156C00D0BAE0 /* LocationManager.swift in Sources */,
				94C4DE802E15BBF500DA0139 /* CaseStatusView.swift in Sources */,
				9439B6FE2E121E960020A840 /* SecureConfig.swift in Sources */,
				94E79F032E14BA66002A8D24 /* NewAsylumSeekerOnboardingView.swift in Sources */,
				94369CCF2DFE78B5003895D7 /* VideoConsultationViewModel.swift in Sources */,
				948CD4FD2E10DAF7002D200B /* URLSession+Async.swift in Sources */,
				94369CC32DFDFE50003895D7 /* UploadDocumentView.swift in Sources */,
				94E79F012E14BA45002A8D24 /* IntroToAsylumView.swift in Sources */,
				94E79EF82E14B97E002A8D24 /* DocumentPickerView.swift in Sources */,
				9452ED512E123C5B00F49D59 /* ImagePicker.swift in Sources */,
				94E79EFA2E14B9A5002A8D24 /* ResourceDetailView.swift in Sources */,
				948CD50D2E10E77C002D200B /* UserPost.swift in Sources */,
				948CD50E2E10E77C002D200B /* UKResource.swift in Sources */,
				9429C3872E17848A0060FB57 /* UserResource.swift in Sources */,
				940F153D2DFB1CA2001385CE /* AuthManager.swift in Sources */,
				9417DFA92E15D52E00C9EC82 /*  GuideCardData.swift in Sources */,
				9463D6272E01EB58003C3C63 /* MapComponents.swift in Sources */,
				9439B7002E121FBB0020A840 /*  UKGovAPIService.swift in Sources */,
				94C4DE7E2E15BBDA00DA0139 /* DocumentManagerView.swift in Sources */,
				94E79F072E14BAB0002A8D24 /* WelcomeView.swift in Sources */,
				94369CCE2DFE64CE003895D7 /* ConsultationListView.swift in Sources */,
				94E79F0B2E14BAED002A8D24 /* SearchBar.swift in Sources */,
				94369CC82DFE5E84003895D7 /* VideoCallView.swift in Sources */,
				948CD4F52E10C253002D200B /* CommunityViewModel.swift in Sources */,
				945291A92E011B3D00D0BAE0 /* ServiceRow.swift in Sources */,
				94C4DE782E15B0B500DA0139 /* LocalizationManager.swift in Sources */,
				94E79EF42E14B93D002A8D24 /* PrimaryButtonStyle.swift in Sources */,
				94325D702DF89BA300B3DBC4 /* DocumentChecklistView.swift in Sources */,
				94369CC62DFE5E53003895D7 /* VideoConsultationView.swift in Sources */,
				94E79EFE2E14BA0A002A8D24 /*  OnboardingFlow.swift in Sources */,
				94E79EF62E14B967002A8D24 /* ProcessingView.swift in Sources */,
				94E79F0D2E14BB11002A8D24 /* PostCardView.swift in Sources */,
				947B84732E19BA620007A470 /* ResourceType.swift in Sources */,
				94E79EF52E14B955002A8D24 /* ErrorView.swift in Sources */,
				948C5B0A2DFF719300837EB3 /* ConsultationScheduleViewModel.swift in Sources */,
				945291882E0099FA00D0BAE0 /* ResourceRowView.swift in Sources */,
				9417DFAD2E15D92600C9EC82 /* RefugeeUserType.swift in Sources */,
				94369CD02DFE78FE003895D7 /* AgoraVideoViewRepresentable.swift in Sources */,
				945291852E00992D00D0BAE0 /* HelpResourcesViewModel.swift in Sources */,
				94E79EFF2E14BA15002A8D24 /* SignInView.swift in Sources */,
				94E79EFC2E14B9EE002A8D24 /* LanguageSelectionView.swift in Sources */,
				94325D812DF89C1F00B3DBC4 /* AppDelegate.swift in Sources */,
				949E36212E14D4AC00FDEC31 /* Service.swift in Sources */,
				948CD4F92E10D52C002D200B /* ExtensionCLLocation.swift in Sources */,
				94325D752DF89BA300B3DBC4 /* MainTabView.swift in Sources */,
				94E79EFB2E14B9B9002A8D24 /* DocumentTypeSelectionView.swift in Sources */,
				94325D7B2DF89BFE00B3DBC4 /* FileUploader.swift in Sources */,
				9452919F2E01111900D0BAE0 /* MapExtensions.swift in Sources */,
				94C4DE882E15BC9500DA0139 /* LanguageAssistanceView.swift in Sources */,
				94C4DE862E15BC7E00DA0139 /* UKLegalResourcesView.swift in Sources */,
				9422987B2DFF0B67007DDED8 /* ChatMessage.swift in Sources */,
				9429C3792E15EEE30060FB57 /* ExistingAsylumGuideView.swift in Sources */,
				94325D7C2DF89BFE00B3DBC4 /* DocumentUploader.swift in Sources */,
				949C4E422E12FA5E0050D7FF /* DocumentAnalyzer.swift in Sources */,
				947B846F2E18C0210007A470 /* AgoraManager.swift in Sources */,
				94E79F052E14BA89002A8D24 /* UserPathSelectionView.swift in Sources */,
				9452919C2E010D9B00D0BAE0 /* ServicesViewModel.swift in Sources */,
			);
			runOnlyForDeploymentPostprocessing = 0;
		};
		944A85362DF86B74004DB9D9 /* Sources */ = {
			isa = PBXSourcesBuildPhase;
			buildActionMask = 2147483647;
			files = (
			);
			runOnlyForDeploymentPostprocessing = 0;
		};
		944A85402DF86B74004DB9D9 /* Sources */ = {
			isa = PBXSourcesBuildPhase;
			buildActionMask = 2147483647;
			files = (
			);
			runOnlyForDeploymentPostprocessing = 0;
		};
/* End PBXSourcesBuildPhase section */

/* Begin PBXTargetDependency section */
		944A853C2DF86B74004DB9D9 /* PBXTargetDependency */ = {
			isa = PBXTargetDependency;
			target = 944A85292DF86B6C004DB9D9 /* RefugeGuide */;
			targetProxy = 944A853B2DF86B74004DB9D9 /* PBXContainerItemProxy */;
		};
		944A85462DF86B74004DB9D9 /* PBXTargetDependency */ = {
			isa = PBXTargetDependency;
			target = 944A85292DF86B6C004DB9D9 /* RefugeGuide */;
			targetProxy = 944A85452DF86B74004DB9D9 /* PBXContainerItemProxy */;
		};
/* End PBXTargetDependency section */

/* Begin XCBuildConfiguration section */
		944A854C2DF86B74004DB9D9 /* Debug */ = {
			isa = XCBuildConfiguration;
			buildSettings = {
				ALWAYS_SEARCH_USER_PATHS = NO;
				ASSETCATALOG_COMPILER_GENERATE_SWIFT_ASSET_SYMBOL_EXTENSIONS = YES;
				CLANG_ANALYZER_LOCALIZABILITY_NONLOCALIZED = YES;
				CLANG_ANALYZER_NONNULL = YES;
				CLANG_ANALYZER_NUMBER_OBJECT_CONVERSION = YES_AGGRESSIVE;
				CLANG_CXX_LANGUAGE_STANDARD = "gnu++20";
				CLANG_ENABLE_MODULES = YES;
				CLANG_ENABLE_OBJC_ARC = YES;
				CLANG_ENABLE_OBJC_WEAK = YES;
				CLANG_WARN_BLOCK_CAPTURE_AUTORELEASING = YES;
				CLANG_WARN_BOOL_CONVERSION = YES;
				CLANG_WARN_COMMA = YES;
				CLANG_WARN_CONSTANT_CONVERSION = YES;
				CLANG_WARN_DEPRECATED_OBJC_IMPLEMENTATIONS = YES;
				CLANG_WARN_DIRECT_OBJC_ISA_USAGE = YES_ERROR;
				CLANG_WARN_DOCUMENTATION_COMMENTS = YES;
				CLANG_WARN_EMPTY_BODY = YES;
				CLANG_WARN_ENUM_CONVERSION = YES;
				CLANG_WARN_INFINITE_RECURSION = YES;
				CLANG_WARN_INT_CONVERSION = YES;
				CLANG_WARN_NON_LITERAL_NULL_CONVERSION = YES;
				CLANG_WARN_OBJC_IMPLICIT_RETAIN_SELF = YES;
				CLANG_WARN_OBJC_LITERAL_CONVERSION = YES;
				CLANG_WARN_OBJC_ROOT_CLASS = YES_ERROR;
				CLANG_WARN_QUOTED_INCLUDE_IN_FRAMEWORK_HEADER = YES;
				CLANG_WARN_RANGE_LOOP_ANALYSIS = YES;
				CLANG_WARN_STRICT_PROTOTYPES = YES;
				CLANG_WARN_SUSPICIOUS_MOVE = YES;
				CLANG_WARN_UNGUARDED_AVAILABILITY = YES_AGGRESSIVE;
				CLANG_WARN_UNREACHABLE_CODE = YES;
				CLANG_WARN__DUPLICATE_METHOD_MATCH = YES;
				COPY_PHASE_STRIP = NO;
				DEBUG_INFORMATION_FORMAT = dwarf;
				ENABLE_STRICT_OBJC_MSGSEND = YES;
				ENABLE_TESTABILITY = YES;
				ENABLE_USER_SCRIPT_SANDBOXING = NO;
				GCC_C_LANGUAGE_STANDARD = gnu17;
				GCC_DYNAMIC_NO_PIC = NO;
				GCC_NO_COMMON_BLOCKS = YES;
				GCC_OPTIMIZATION_LEVEL = 0;
				GCC_PREPROCESSOR_DEFINITIONS = (
					"DEBUG=1",
					"$(inherited)",
				);
				GCC_WARN_64_TO_32_BIT_CONVERSION = YES;
				GCC_WARN_ABOUT_RETURN_TYPE = YES_ERROR;
				GCC_WARN_UNDECLARED_SELECTOR = YES;
				GCC_WARN_UNINITIALIZED_AUTOS = YES_AGGRESSIVE;
				GCC_WARN_UNUSED_FUNCTION = YES;
				GCC_WARN_UNUSED_VARIABLE = YES;
				IPHONEOS_DEPLOYMENT_TARGET = 16.0;
				LOCALIZATION_PREFERS_STRING_CATALOGS = YES;
				MTL_ENABLE_DEBUG_INFO = INCLUDE_SOURCE;
				MTL_FAST_MATH = YES;
				ONLY_ACTIVE_ARCH = YES;
				SDKROOT = iphoneos;
				SWIFT_ACTIVE_COMPILATION_CONDITIONS = "DEBUG $(inherited)";
				SWIFT_EMIT_LOC_STRINGS = YES;
				SWIFT_OPTIMIZATION_LEVEL = "-Onone";
			};
			name = Debug;
		};
		944A854D2DF86B74004DB9D9 /* Release */ = {
			isa = XCBuildConfiguration;
			buildSettings = {
				ALWAYS_SEARCH_USER_PATHS = NO;
				ASSETCATALOG_COMPILER_GENERATE_SWIFT_ASSET_SYMBOL_EXTENSIONS = YES;
				CLANG_ANALYZER_LOCALIZABILITY_NONLOCALIZED = YES;
				CLANG_ANALYZER_NONNULL = YES;
				CLANG_ANALYZER_NUMBER_OBJECT_CONVERSION = YES_AGGRESSIVE;
				CLANG_CXX_LANGUAGE_STANDARD = "gnu++20";
				CLANG_ENABLE_MODULES = YES;
				CLANG_ENABLE_OBJC_ARC = YES;
				CLANG_ENABLE_OBJC_WEAK = YES;
				CLANG_WARN_BLOCK_CAPTURE_AUTORELEASING = YES;
				CLANG_WARN_BOOL_CONVERSION = YES;
				CLANG_WARN_COMMA = YES;
				CLANG_WARN_CONSTANT_CONVERSION = YES;
				CLANG_WARN_DEPRECATED_OBJC_IMPLEMENTATIONS = YES;
				CLANG_WARN_DIRECT_OBJC_ISA_USAGE = YES_ERROR;
				CLANG_WARN_DOCUMENTATION_COMMENTS = YES;
				CLANG_WARN_EMPTY_BODY = YES;
				CLANG_WARN_ENUM_CONVERSION = YES;
				CLANG_WARN_INFINITE_RECURSION = YES;
				CLANG_WARN_INT_CONVERSION = YES;
				CLANG_WARN_NON_LITERAL_NULL_CONVERSION = YES;
				CLANG_WARN_OBJC_IMPLICIT_RETAIN_SELF = YES;
				CLANG_WARN_OBJC_LITERAL_CONVERSION = YES;
				CLANG_WARN_OBJC_ROOT_CLASS = YES_ERROR;
				CLANG_WARN_QUOTED_INCLUDE_IN_FRAMEWORK_HEADER = YES;
				CLANG_WARN_RANGE_LOOP_ANALYSIS = YES;
				CLANG_WARN_STRICT_PROTOTYPES = YES;
				CLANG_WARN_SUSPICIOUS_MOVE = YES;
				CLANG_WARN_UNGUARDED_AVAILABILITY = YES_AGGRESSIVE;
				CLANG_WARN_UNREACHABLE_CODE = YES;
				CLANG_WARN__DUPLICATE_METHOD_MATCH = YES;
				COPY_PHASE_STRIP = NO;
				DEBUG_INFORMATION_FORMAT = "dwarf-with-dsym";
				ENABLE_NS_ASSERTIONS = NO;
				ENABLE_STRICT_OBJC_MSGSEND = YES;
				ENABLE_USER_SCRIPT_SANDBOXING = NO;
				GCC_C_LANGUAGE_STANDARD = gnu17;
				GCC_NO_COMMON_BLOCKS = YES;
				GCC_WARN_64_TO_32_BIT_CONVERSION = YES;
				GCC_WARN_ABOUT_RETURN_TYPE = YES_ERROR;
				GCC_WARN_UNDECLARED_SELECTOR = YES;
				GCC_WARN_UNINITIALIZED_AUTOS = YES_AGGRESSIVE;
				GCC_WARN_UNUSED_FUNCTION = YES;
				GCC_WARN_UNUSED_VARIABLE = YES;
				IPHONEOS_DEPLOYMENT_TARGET = 16.0;
				LOCALIZATION_PREFERS_STRING_CATALOGS = YES;
				MTL_ENABLE_DEBUG_INFO = NO;
				MTL_FAST_MATH = YES;
				SDKROOT = iphoneos;
				SWIFT_COMPILATION_MODE = wholemodule;
				SWIFT_EMIT_LOC_STRINGS = YES;
				VALIDATE_PRODUCT = YES;
			};
			name = Release;
		};
		944A854F2DF86B74004DB9D9 /* Debug */ = {
			isa = XCBuildConfiguration;
			baseConfigurationReference = 2C01C6D3569E6C9B7461A1FC /* Pods-RefugeGuide.debug.xcconfig */;
			buildSettings = {
				ASSETCATALOG_COMPILER_APPICON_NAME = AppIcon;
				ASSETCATALOG_COMPILER_GLOBAL_ACCENT_COLOR_NAME = AccentColor;
				CLANG_CXX_LANGUAGE_STANDARD = "gnu++17";
				CLANG_CXX_STANDARD_LIBRARY_HARDENING = none;
				CODE_SIGN_STYLE = Automatic;
				CURRENT_PROJECT_VERSION = 1;
				DEVELOPMENT_ASSET_PATHS = "\"RefugeGuide/Preview Content\"";
				DEVELOPMENT_TEAM = 4L6567GY3U;
				ENABLE_PREVIEWS = YES;
				GENERATE_INFOPLIST_FILE = NO;
				INFOPLIST_FILE = "$(SRCROOT)/Info.plist";
				INFOPLIST_KEY_UIApplicationSceneManifest_Generation = YES;
				INFOPLIST_KEY_UIApplicationSupportsIndirectInputEvents = YES;
				INFOPLIST_KEY_UILaunchScreen_Generation = YES;
				INFOPLIST_KEY_UISupportedInterfaceOrientations_iPad = "UIInterfaceOrientationPortrait UIInterfaceOrientationPortraitUpsideDown UIInterfaceOrientationLandscapeLeft UIInterfaceOrientationLandscapeRight";
				INFOPLIST_KEY_UISupportedInterfaceOrientations_iPhone = "UIInterfaceOrientationPortrait UIInterfaceOrientationLandscapeLeft UIInterfaceOrientationLandscapeRight";
				IPHONEOS_DEPLOYMENT_TARGET = 16.0;
				"IPHONEOS_DEPLOYMENT_TARGET[sdk=iphoneos*]" = 16.0;
				LD_RUNPATH_SEARCH_PATHS = (
					"$(inherited)",
					"@executable_path/Frameworks",
				);
				MARKETING_VERSION = 1.0;
				PRODUCT_BUNDLE_IDENTIFIER = com.djibal.github.io.RefugeGuide;
				PRODUCT_NAME = "$(TARGET_NAME)";
				SUPPORTED_PLATFORMS = "iphoneos iphonesimulator";
				SUPPORTS_MACCATALYST = NO;
				SUPPORTS_MAC_DESIGNED_FOR_IPHONE_IPAD = NO;
				SUPPORTS_XR_DESIGNED_FOR_IPHONE_IPAD = NO;
				SWIFT_EMIT_LOC_STRINGS = YES;
				SWIFT_VERSION = 5.0;
				TARGETED_DEVICE_FAMILY = 1;
			};
			name = Debug;
		};
		944A85502DF86B74004DB9D9 /* Release */ = {
			isa = XCBuildConfiguration;
			baseConfigurationReference = 9E83FD2EB82303A39DF6D2EE /* Pods-RefugeGuide.release.xcconfig */;
			buildSettings = {
				ASSETCATALOG_COMPILER_APPICON_NAME = AppIcon;
				ASSETCATALOG_COMPILER_GLOBAL_ACCENT_COLOR_NAME = AccentColor;
				CLANG_CXX_LANGUAGE_STANDARD = "gnu++17";
				CLANG_CXX_STANDARD_LIBRARY_HARDENING = none;
				CODE_SIGN_STYLE = Automatic;
				CURRENT_PROJECT_VERSION = 1;
				DEVELOPMENT_ASSET_PATHS = "\"RefugeGuide/Preview Content\"";
				DEVELOPMENT_TEAM = 4L6567GY3U;
				ENABLE_PREVIEWS = YES;
				GENERATE_INFOPLIST_FILE = NO;
				INFOPLIST_FILE = "$(SRCROOT)/Info.plist";
				INFOPLIST_KEY_UIApplicationSceneManifest_Generation = YES;
				INFOPLIST_KEY_UIApplicationSupportsIndirectInputEvents = YES;
				INFOPLIST_KEY_UILaunchScreen_Generation = YES;
				INFOPLIST_KEY_UISupportedInterfaceOrientations_iPad = "UIInterfaceOrientationPortrait UIInterfaceOrientationPortraitUpsideDown UIInterfaceOrientationLandscapeLeft UIInterfaceOrientationLandscapeRight";
				INFOPLIST_KEY_UISupportedInterfaceOrientations_iPhone = "UIInterfaceOrientationPortrait UIInterfaceOrientationLandscapeLeft UIInterfaceOrientationLandscapeRight";
				IPHONEOS_DEPLOYMENT_TARGET = 16.0;
				"IPHONEOS_DEPLOYMENT_TARGET[sdk=iphoneos*]" = 16.0;
				LD_RUNPATH_SEARCH_PATHS = (
					"$(inherited)",
					"@executable_path/Frameworks",
				);
				MARKETING_VERSION = 1.0;
				PRODUCT_BUNDLE_IDENTIFIER = com.djibal.github.io.RefugeGuide;
				PRODUCT_NAME = "$(TARGET_NAME)";
				SUPPORTED_PLATFORMS = "iphoneos iphonesimulator";
				SUPPORTS_MACCATALYST = NO;
				SUPPORTS_MAC_DESIGNED_FOR_IPHONE_IPAD = NO;
				SUPPORTS_XR_DESIGNED_FOR_IPHONE_IPAD = NO;
				SWIFT_EMIT_LOC_STRINGS = YES;
				SWIFT_VERSION = 5.0;
				TARGETED_DEVICE_FAMILY = 1;
			};
			name = Release;
		};
		944A85522DF86B74004DB9D9 /* Debug */ = {
			isa = XCBuildConfiguration;
			buildSettings = {
				BUNDLE_LOADER = "$(TEST_HOST)";
				CODE_SIGN_STYLE = Automatic;
				CURRENT_PROJECT_VERSION = 1;
				DEVELOPMENT_TEAM = 4L6567GY3U;
				GENERATE_INFOPLIST_FILE = YES;
				IPHONEOS_DEPLOYMENT_TARGET = 18.2;
				MARKETING_VERSION = 1.0;
				PRODUCT_BUNDLE_IDENTIFIER = com.djibal.github.io.RefugeGuideTests;
				PRODUCT_NAME = "$(TARGET_NAME)";
				SWIFT_EMIT_LOC_STRINGS = NO;
				SWIFT_VERSION = 5.0;
				TARGETED_DEVICE_FAMILY = "1,2";
				TEST_HOST = "$(BUILT_PRODUCTS_DIR)/RefugeGuide.app/$(BUNDLE_EXECUTABLE_FOLDER_PATH)/RefugeGuide";
			};
			name = Debug;
		};
		944A85532DF86B74004DB9D9 /* Release */ = {
			isa = XCBuildConfiguration;
			buildSettings = {
				BUNDLE_LOADER = "$(TEST_HOST)";
				CODE_SIGN_STYLE = Automatic;
				CURRENT_PROJECT_VERSION = 1;
				DEVELOPMENT_TEAM = 4L6567GY3U;
				GENERATE_INFOPLIST_FILE = YES;
				IPHONEOS_DEPLOYMENT_TARGET = 18.2;
				MARKETING_VERSION = 1.0;
				PRODUCT_BUNDLE_IDENTIFIER = com.djibal.github.io.RefugeGuideTests;
				PRODUCT_NAME = "$(TARGET_NAME)";
				SWIFT_EMIT_LOC_STRINGS = NO;
				SWIFT_VERSION = 5.0;
				TARGETED_DEVICE_FAMILY = "1,2";
				TEST_HOST = "$(BUILT_PRODUCTS_DIR)/RefugeGuide.app/$(BUNDLE_EXECUTABLE_FOLDER_PATH)/RefugeGuide";
			};
			name = Release;
		};
		944A85552DF86B74004DB9D9 /* Debug */ = {
			isa = XCBuildConfiguration;
			buildSettings = {
				CODE_SIGN_STYLE = Automatic;
				CURRENT_PROJECT_VERSION = 1;
				DEVELOPMENT_TEAM = 4L6567GY3U;
				GENERATE_INFOPLIST_FILE = YES;
				MARKETING_VERSION = 1.0;
				PRODUCT_BUNDLE_IDENTIFIER = com.djibal.github.io.RefugeGuideUITests;
				PRODUCT_NAME = "$(TARGET_NAME)";
				SWIFT_EMIT_LOC_STRINGS = NO;
				SWIFT_VERSION = 5.0;
				TARGETED_DEVICE_FAMILY = "1,2";
				TEST_TARGET_NAME = RefugeGuide;
			};
			name = Debug;
		};
		944A85562DF86B74004DB9D9 /* Release */ = {
			isa = XCBuildConfiguration;
			buildSettings = {
				CODE_SIGN_STYLE = Automatic;
				CURRENT_PROJECT_VERSION = 1;
				DEVELOPMENT_TEAM = 4L6567GY3U;
				GENERATE_INFOPLIST_FILE = YES;
				MARKETING_VERSION = 1.0;
				PRODUCT_BUNDLE_IDENTIFIER = com.djibal.github.io.RefugeGuideUITests;
				PRODUCT_NAME = "$(TARGET_NAME)";
				SWIFT_EMIT_LOC_STRINGS = NO;
				SWIFT_VERSION = 5.0;
				TARGETED_DEVICE_FAMILY = "1,2";
				TEST_TARGET_NAME = RefugeGuide;
			};
			name = Release;
		};
/* End XCBuildConfiguration section */

/* Begin XCConfigurationList section */
		944A85252DF86B6C004DB9D9 /* Build configuration list for PBXProject "RefugeGuide" */ = {
			isa = XCConfigurationList;
			buildConfigurations = (
				944A854C2DF86B74004DB9D9 /* Debug */,
				944A854D2DF86B74004DB9D9 /* Release */,
			);
			defaultConfigurationIsVisible = 0;
			defaultConfigurationName = Release;
		};
		944A854E2DF86B74004DB9D9 /* Build configuration list for PBXNativeTarget "RefugeGuide" */ = {
			isa = XCConfigurationList;
			buildConfigurations = (
				944A854F2DF86B74004DB9D9 /* Debug */,
				944A85502DF86B74004DB9D9 /* Release */,
			);
			defaultConfigurationIsVisible = 0;
			defaultConfigurationName = Release;
		};
		944A85512DF86B74004DB9D9 /* Build configuration list for PBXNativeTarget "RefugeGuideTests" */ = {
			isa = XCConfigurationList;
			buildConfigurations = (
				944A85522DF86B74004DB9D9 /* Debug */,
				944A85532DF86B74004DB9D9 /* Release */,
			);
			defaultConfigurationIsVisible = 0;
			defaultConfigurationName = Release;
		};
		944A85542DF86B74004DB9D9 /* Build configuration list for PBXNativeTarget "RefugeGuideUITests" */ = {
			isa = XCConfigurationList;
			buildConfigurations = (
				944A85552DF86B74004DB9D9 /* Debug */,
				944A85562DF86B74004DB9D9 /* Release */,
			);
			defaultConfigurationIsVisible = 0;
			defaultConfigurationName = Release;
		};
/* End XCConfigurationList section */

/* Begin XCRemoteSwiftPackageReference section */
		94AA6DBF2DF8C78100858077 /* XCRemoteSwiftPackageReference "AlertToast" */ = {
			isa = XCRemoteSwiftPackageReference;
			repositoryURL = "https://github.com/elai950/AlertToast";
			requirement = {
				kind = upToNextMajorVersion;
				minimumVersion = 1.3.9;
			};
		};
		94B4905D2DFBA4A000CA4F5C /* XCRemoteSwiftPackageReference "OpenAI" */ = {
			isa = XCRemoteSwiftPackageReference;
			repositoryURL = "https://github.com/exyte/OpenAI";
			requirement = {
				kind = upToNextMajorVersion;
				minimumVersion = 1.0.4;
			};
		};
/* End XCRemoteSwiftPackageReference section */

/* Begin XCSwiftPackageProductDependency section */
		94AA6DC02DF8C78100858077 /* AlertToast */ = {
			isa = XCSwiftPackageProductDependency;
			package = 94AA6DBF2DF8C78100858077 /* XCRemoteSwiftPackageReference "AlertToast" */;
			productName = AlertToast;
		};
		94B4905E2DFBA4A100CA4F5C /* ExyteOpenAI */ = {
			isa = XCSwiftPackageProductDependency;
			package = 94B4905D2DFBA4A000CA4F5C /* XCRemoteSwiftPackageReference "OpenAI" */;
			productName = ExyteOpenAI;
		};
/* End XCSwiftPackageProductDependency section */
	};
	rootObject = 944A85222DF86B6C004DB9D9 /* Project object */;
}
